
Microsoft Visual Studio Solution File, Format Version 12.00
# Visual Studio 15
VisualStudioVersion = 15.0.28307.1169
MinimumVisualStudioVersion = 10.0.40219.1
Project("{FAE04EC0-301F-11D3-BF4B-00C04F79EFBC}") = "ModArcBasic.Logic", "ModArcBasic.Logic\ModArcBasic.Logic.csproj", "{FA95FF45-2423-429A-95CB-1DC43B941103}"
EndProject
Project("{2150E333-8FDC-42A3-9474-1A3956D46DE8}") = "ModArcBasic", "ModArcBasic", "{2D5EE196-52F9-4E19-8FD8-CF4FCD92CD1B}"
EndProject
Global
	GlobalSection(SolutionConfigurationPlatforms) = preSolution
		Debug|Any CPU = Debug|Any CPU
		Release|Any CPU = Release|Any CPU
	EndGlobalSection
	GlobalSection(ProjectConfigurationPlatforms) = postSolution
		{FA95FF45-2423-429A-95CB-1DC43B941103}.Debug|Any CPU.ActiveCfg = Debug|Any CPU
		{FA95FF45-2423-429A-95CB-1DC43B941103}.Debug|Any CPU.Build.0 = Debug|Any CPU
		{FA95FF45-2423-429A-95CB-1DC43B941103}.Release|Any CPU.ActiveCfg = Release|Any CPU
		{FA95FF45-2423-429A-95CB-1DC43B941103}.Release|Any CPU.Build.0 = Release|Any CPU
	EndGlobalSection
	GlobalSection(SolutionProperties) = preSolution
		HideSolutionNode = FALSE
	EndGlobalSection
	GlobalSection(NestedProjects) = preSolution
		{FA95FF45-2423-429A-95CB-1DC43B941103} = {2D5EE196-52F9-4E19-8FD8-CF4FCD92CD1B}
	EndGlobalSection
	GlobalSection(ExtensibilityGlobals) = postSolution
		SolutionGuid = {445C5594-E01F-4CCB-A364-EDAA6E5C2B15}
	EndGlobalSection
EndGlobal
