
Microsoft Visual Studio Solution File, Format Version 12.00
# Visual Studio Version 16
VisualStudioVersion = 16.0.31624.102
MinimumVisualStudioVersion = 10.0.40219.1
Project("{9A19103F-16F7-4668-BE54-9A1E7A4F7556}") = "ModArcBasic.Logic", "ModArcBasic.Logic\ModArcBasic.Logic.csproj", "{FA95FF45-2423-429A-95CB-1DC43B941103}"
EndProject
Project("{2150E333-8FDC-42A3-9474-1A3956D46DE8}") = "ModArcBasic", "ModArcBasic", "{2D5EE196-52F9-4E19-8FD8-CF4FCD92CD1B}"
EndProject
Project("{9A19103F-16F7-4668-BE54-9A1E7A4F7556}") = "ModArcBasic.View", "ModArcBasic.View\ModArcBasic.View.csproj", "{0178284C-E0A2-4940-A388-AA38616464B7}"
EndProject
Project("{FAE04EC0-301F-11D3-BF4B-00C04F79EFBC}") = "ModArcBasic.Common", "ModArcBasic.Common\ModArcBasic.Common.csproj", "{DD111A5F-B27C-428A-B6AC-F943B9BAA9E5}"
EndProject
Global
	GlobalSection(SolutionConfigurationPlatforms) = preSolution
		Debug|Any CPU = Debug|Any CPU
		Release|Any CPU = Release|Any CPU
	EndGlobalSection
	GlobalSection(ProjectConfigurationPlatforms) = postSolution
		{FA95FF45-2423-429A-95CB-1DC43B941103}.Debug|Any CPU.ActiveCfg = Debug|Any CPU
		{FA95FF45-2423-429A-95CB-1DC43B941103}.Debug|Any CPU.Build.0 = Debug|Any CPU
		{FA95FF45-2423-429A-95CB-1DC43B941103}.Release|Any CPU.ActiveCfg = Release|Any CPU
		{FA95FF45-2423-429A-95CB-1DC43B941103}.Release|Any CPU.Build.0 = Release|Any CPU
		{0178284C-E0A2-4940-A388-AA38616464B7}.Debug|Any CPU.ActiveCfg = Debug|Any CPU
		{0178284C-E0A2-4940-A388-AA38616464B7}.Debug|Any CPU.Build.0 = Debug|Any CPU
		{0178284C-E0A2-4940-A388-AA38616464B7}.Release|Any CPU.ActiveCfg = Release|Any CPU
		{0178284C-E0A2-4940-A388-AA38616464B7}.Release|Any CPU.Build.0 = Release|Any CPU
		{DD111A5F-B27C-428A-B6AC-F943B9BAA9E5}.Debug|Any CPU.ActiveCfg = Debug|Any CPU
		{DD111A5F-B27C-428A-B6AC-F943B9BAA9E5}.Debug|Any CPU.Build.0 = Debug|Any CPU
		{DD111A5F-B27C-428A-B6AC-F943B9BAA9E5}.Release|Any CPU.ActiveCfg = Release|Any CPU
		{DD111A5F-B27C-428A-B6AC-F943B9BAA9E5}.Release|Any CPU.Build.0 = Release|Any CPU
	EndGlobalSection
	GlobalSection(SolutionProperties) = preSolution
		HideSolutionNode = FALSE
	EndGlobalSection
	GlobalSection(NestedProjects) = preSolution
		{FA95FF45-2423-429A-95CB-1DC43B941103} = {2D5EE196-52F9-4E19-8FD8-CF4FCD92CD1B}
		{0178284C-E0A2-4940-A388-AA38616464B7} = {2D5EE196-52F9-4E19-8FD8-CF4FCD92CD1B}
		{DD111A5F-B27C-428A-B6AC-F943B9BAA9E5} = {2D5EE196-52F9-4E19-8FD8-CF4FCD92CD1B}
	EndGlobalSection
	GlobalSection(ExtensibilityGlobals) = postSolution
		SolutionGuid = {445C5594-E01F-4CCB-A364-EDAA6E5C2B15}
	EndGlobalSection
EndGlobal
