
Microsoft Visual Studio Solution File, Format Version 12.00
# Visual Studio Version 17
VisualStudioVersion = 17.3.32804.467
MinimumVisualStudioVersion = 10.0.40219.1
Project("{9A19103F-16F7-4668-BE54-9A1E7A4F7556}") = "ModArcBasic.Logic", "ModArcBasic.Logic\ModArcBasic.Logic.csproj", "{FA95FF45-2423-429A-95CB-1DC43B941103}"
EndProject
Project("{2150E333-8FDC-42A3-9474-1A3956D46DE8}") = "ModArcBasic", "ModArcBasic", "{2D5EE196-52F9-4E19-8FD8-CF4FCD92CD1B}"
EndProject
Project("{9A19103F-16F7-4668-BE54-9A1E7A4F7556}") = "ModArcBasic.View", "ModArcBasic.View\ModArcBasic.View.csproj", "{0178284C-E0A2-4940-A388-AA38616464B7}"
EndProject
Project("{2150E333-8FDC-42A3-9474-1A3956D46DE8}") = "Solution Items", "Solution Items", "{9E7F5E77-D745-4C99-8CFF-493F9DD0E1D6}"
	ProjectSection(SolutionItems) = preProject
		.editorconfig = .editorconfig
	EndProjectSection
EndProject
Project("{2150E333-8FDC-42A3-9474-1A3956D46DE8}") = "ModArcPostgreSql", "ModArcPostgreSql", "{F75EF551-E701-4F57-8081-03CC0593DDE4}"
EndProject
Project("{9A19103F-16F7-4668-BE54-9A1E7A4F7556}") = "ModArcPostgreSql.Logic", "ModArcPostgreSql.Logic\ModArcPostgreSql.Logic.csproj", "{7507228F-FA68-4B0C-B19F-4FDAEF8C610F}"
EndProject
Project("{9A19103F-16F7-4668-BE54-9A1E7A4F7556}") = "ModArcPostgreSql.View", "ModArcPostgreSql.View\ModArcPostgreSql.View.csproj", "{521FA33E-475B-4146-AE34-BC21451C87CD}"
EndProject
Project("{2150E333-8FDC-42A3-9474-1A3956D46DE8}") = "ModArcInfluxDb", "ModArcInfluxDb", "{7A29ADF0-E44D-444B-BF92-9AB356609818}"
EndProject
Project("{9A19103F-16F7-4668-BE54-9A1E7A4F7556}") = "ModArcInfluxDb.Logic", "ModArcInfluxDb.Logic\ModArcInfluxDb.Logic.csproj", "{3CADF547-5954-4762-8C75-7307209F0918}"
EndProject
Project("{9A19103F-16F7-4668-BE54-9A1E7A4F7556}") = "ModArcInfluxDb.View", "ModArcInfluxDb.View\ModArcInfluxDb.View.csproj", "{1BE54F9E-A904-4B5D-913A-1F54D1650EC1}"
EndProject
Project("{D954291E-2A0B-460D-934E-DC6B0785DB48}") = "ModArcInfluxDb.Shared", "ModArcInfluxDb.Shared\ModArcInfluxDb.Shared.shproj", "{D8446593-C47E-4EFC-A5D0-163F407AE4FC}"
EndProject
Project("{D954291E-2A0B-460D-934E-DC6B0785DB48}") = "ModArcBasic.Shared", "ModArcBasic.Shared\ModArcBasic.Shared.shproj", "{F38C6C8A-8213-45B9-8BC8-130338134310}"
EndProject
Project("{D954291E-2A0B-460D-934E-DC6B0785DB48}") = "ModArcPostgreSql.Shared", "ModArcPostgreSql.Shared\ModArcPostgreSql.Shared.shproj", "{EB00B3FE-BAB3-4B5B-9598-E246B1B13D0E}"
EndProject
Project("{2150E333-8FDC-42A3-9474-1A3956D46DE8}") = "ModActiveDirectory", "ModActiveDirectory", "{80694B43-1657-4EFF-A697-A41F5FE6A281}"
EndProject
Project("{9A19103F-16F7-4668-BE54-9A1E7A4F7556}") = "ModActiveDirectory.Logic", "ModActiveDirectory.Logic\ModActiveDirectory.Logic.csproj", "{7B72BDD3-C551-4863-BAFD-7FBBEE4ECE52}"
EndProject
Project("{9A19103F-16F7-4668-BE54-9A1E7A4F7556}") = "ModActiveDirectory.View", "ModActiveDirectory.View\ModActiveDirectory.View.csproj", "{FEEA6D5E-72CE-4604-9F81-D18E3A7F5AE7}"
EndProject
Project("{D954291E-2A0B-460D-934E-DC6B0785DB48}") = "ModActiveDirectory.Shared", "ModActiveDirectory.Shared\ModActiveDirectory.Shared.shproj", "{3E78954F-06ED-436B-B664-3558C497565F}"
EndProject
Project("{2150E333-8FDC-42A3-9474-1A3956D46DE8}") = "ModDbExport", "ModDbExport", "{ADDF01AE-6F28-497C-9C92-EA88E152F65C}"
EndProject
Project("{9A19103F-16F7-4668-BE54-9A1E7A4F7556}") = "ModDbExport.Logic", "ModDbExport.Logic\ModDbExport.Logic.csproj", "{630579F7-F44F-4F08-8122-C89BBD2E62B2}"
EndProject
Project("{D954291E-2A0B-460D-934E-DC6B0785DB48}") = "ModDbExport.Shared", "ModDbExport.Shared\ModDbExport.Shared.shproj", "{5A9BCBAE-DC53-42DC-8B65-22B82474DE37}"
EndProject
Project("{9A19103F-16F7-4668-BE54-9A1E7A4F7556}") = "ModDbExport.View", "ModDbExport.View\ModDbExport.View.csproj", "{1F791E01-803A-4F29-AE99-1F3A21307FE5}"
EndProject
Project("{2150E333-8FDC-42A3-9474-1A3956D46DE8}") = "ModDiffCalculator", "ModDiffCalculator", "{EFFC5DEF-DE41-4CA7-BB07-549962F5A97B}"
EndProject
Project("{D954291E-2A0B-460D-934E-DC6B0785DB48}") = "ModDiffCalculator.Shared", "ModDiffCalculator.Shared\ModDiffCalculator.Shared.shproj", "{B6E955EA-6A3E-4046-9A3A-38062910BAF4}"
EndProject
Project("{9A19103F-16F7-4668-BE54-9A1E7A4F7556}") = "ModDiffCalculator.Logic", "ModDiffCalculator.Logic\ModDiffCalculator.Logic.csproj", "{CC3599E9-0CCE-4B57-AFE0-BDD437EBA419}"
EndProject
Project("{9A19103F-16F7-4668-BE54-9A1E7A4F7556}") = "ModDiffCalculator.View", "ModDiffCalculator.View\ModDiffCalculator.View.csproj", "{E098FA32-D56B-4A9B-A687-259120794275}"
EndProject
Global
	GlobalSection(SolutionConfigurationPlatforms) = preSolution
		Debug|Any CPU = Debug|Any CPU
		Release|Any CPU = Release|Any CPU
	EndGlobalSection
	GlobalSection(ProjectConfigurationPlatforms) = postSolution
		{FA95FF45-2423-429A-95CB-1DC43B941103}.Debug|Any CPU.ActiveCfg = Debug|Any CPU
		{FA95FF45-2423-429A-95CB-1DC43B941103}.Debug|Any CPU.Build.0 = Debug|Any CPU
		{FA95FF45-2423-429A-95CB-1DC43B941103}.Release|Any CPU.ActiveCfg = Release|Any CPU
		{FA95FF45-2423-429A-95CB-1DC43B941103}.Release|Any CPU.Build.0 = Release|Any CPU
		{0178284C-E0A2-4940-A388-AA38616464B7}.Debug|Any CPU.ActiveCfg = Debug|Any CPU
		{0178284C-E0A2-4940-A388-AA38616464B7}.Debug|Any CPU.Build.0 = Debug|Any CPU
		{0178284C-E0A2-4940-A388-AA38616464B7}.Release|Any CPU.ActiveCfg = Release|Any CPU
		{0178284C-E0A2-4940-A388-AA38616464B7}.Release|Any CPU.Build.0 = Release|Any CPU
		{7507228F-FA68-4B0C-B19F-4FDAEF8C610F}.Debug|Any CPU.ActiveCfg = Debug|Any CPU
		{7507228F-FA68-4B0C-B19F-4FDAEF8C610F}.Debug|Any CPU.Build.0 = Debug|Any CPU
		{7507228F-FA68-4B0C-B19F-4FDAEF8C610F}.Release|Any CPU.ActiveCfg = Release|Any CPU
		{7507228F-FA68-4B0C-B19F-4FDAEF8C610F}.Release|Any CPU.Build.0 = Release|Any CPU
		{521FA33E-475B-4146-AE34-BC21451C87CD}.Debug|Any CPU.ActiveCfg = Debug|Any CPU
		{521FA33E-475B-4146-AE34-BC21451C87CD}.Debug|Any CPU.Build.0 = Debug|Any CPU
		{521FA33E-475B-4146-AE34-BC21451C87CD}.Release|Any CPU.ActiveCfg = Release|Any CPU
		{521FA33E-475B-4146-AE34-BC21451C87CD}.Release|Any CPU.Build.0 = Release|Any CPU
		{3CADF547-5954-4762-8C75-7307209F0918}.Debug|Any CPU.ActiveCfg = Debug|Any CPU
		{3CADF547-5954-4762-8C75-7307209F0918}.Debug|Any CPU.Build.0 = Debug|Any CPU
		{3CADF547-5954-4762-8C75-7307209F0918}.Release|Any CPU.ActiveCfg = Release|Any CPU
		{3CADF547-5954-4762-8C75-7307209F0918}.Release|Any CPU.Build.0 = Release|Any CPU
		{1BE54F9E-A904-4B5D-913A-1F54D1650EC1}.Debug|Any CPU.ActiveCfg = Debug|Any CPU
		{1BE54F9E-A904-4B5D-913A-1F54D1650EC1}.Debug|Any CPU.Build.0 = Debug|Any CPU
		{1BE54F9E-A904-4B5D-913A-1F54D1650EC1}.Release|Any CPU.ActiveCfg = Release|Any CPU
		{1BE54F9E-A904-4B5D-913A-1F54D1650EC1}.Release|Any CPU.Build.0 = Release|Any CPU
		{7B72BDD3-C551-4863-BAFD-7FBBEE4ECE52}.Debug|Any CPU.ActiveCfg = Debug|Any CPU
		{7B72BDD3-C551-4863-BAFD-7FBBEE4ECE52}.Debug|Any CPU.Build.0 = Debug|Any CPU
		{7B72BDD3-C551-4863-BAFD-7FBBEE4ECE52}.Release|Any CPU.ActiveCfg = Release|Any CPU
		{7B72BDD3-C551-4863-BAFD-7FBBEE4ECE52}.Release|Any CPU.Build.0 = Release|Any CPU
		{FEEA6D5E-72CE-4604-9F81-D18E3A7F5AE7}.Debug|Any CPU.ActiveCfg = Debug|Any CPU
		{FEEA6D5E-72CE-4604-9F81-D18E3A7F5AE7}.Debug|Any CPU.Build.0 = Debug|Any CPU
		{FEEA6D5E-72CE-4604-9F81-D18E3A7F5AE7}.Release|Any CPU.ActiveCfg = Release|Any CPU
		{FEEA6D5E-72CE-4604-9F81-D18E3A7F5AE7}.Release|Any CPU.Build.0 = Release|Any CPU
		{630579F7-F44F-4F08-8122-C89BBD2E62B2}.Debug|Any CPU.ActiveCfg = Debug|Any CPU
		{630579F7-F44F-4F08-8122-C89BBD2E62B2}.Debug|Any CPU.Build.0 = Debug|Any CPU
		{630579F7-F44F-4F08-8122-C89BBD2E62B2}.Release|Any CPU.ActiveCfg = Release|Any CPU
		{630579F7-F44F-4F08-8122-C89BBD2E62B2}.Release|Any CPU.Build.0 = Release|Any CPU
		{1F791E01-803A-4F29-AE99-1F3A21307FE5}.Debug|Any CPU.ActiveCfg = Debug|Any CPU
		{1F791E01-803A-4F29-AE99-1F3A21307FE5}.Debug|Any CPU.Build.0 = Debug|Any CPU
		{1F791E01-803A-4F29-AE99-1F3A21307FE5}.Release|Any CPU.ActiveCfg = Release|Any CPU
		{1F791E01-803A-4F29-AE99-1F3A21307FE5}.Release|Any CPU.Build.0 = Release|Any CPU
		{CC3599E9-0CCE-4B57-AFE0-BDD437EBA419}.Debug|Any CPU.ActiveCfg = Debug|Any CPU
		{CC3599E9-0CCE-4B57-AFE0-BDD437EBA419}.Debug|Any CPU.Build.0 = Debug|Any CPU
		{CC3599E9-0CCE-4B57-AFE0-BDD437EBA419}.Release|Any CPU.ActiveCfg = Release|Any CPU
		{CC3599E9-0CCE-4B57-AFE0-BDD437EBA419}.Release|Any CPU.Build.0 = Release|Any CPU
		{E098FA32-D56B-4A9B-A687-259120794275}.Debug|Any CPU.ActiveCfg = Debug|Any CPU
		{E098FA32-D56B-4A9B-A687-259120794275}.Debug|Any CPU.Build.0 = Debug|Any CPU
		{E098FA32-D56B-4A9B-A687-259120794275}.Release|Any CPU.ActiveCfg = Release|Any CPU
		{E098FA32-D56B-4A9B-A687-259120794275}.Release|Any CPU.Build.0 = Release|Any CPU
	EndGlobalSection
	GlobalSection(SolutionProperties) = preSolution
		HideSolutionNode = FALSE
	EndGlobalSection
	GlobalSection(NestedProjects) = preSolution
		{FA95FF45-2423-429A-95CB-1DC43B941103} = {2D5EE196-52F9-4E19-8FD8-CF4FCD92CD1B}
		{0178284C-E0A2-4940-A388-AA38616464B7} = {2D5EE196-52F9-4E19-8FD8-CF4FCD92CD1B}
		{7507228F-FA68-4B0C-B19F-4FDAEF8C610F} = {F75EF551-E701-4F57-8081-03CC0593DDE4}
		{521FA33E-475B-4146-AE34-BC21451C87CD} = {F75EF551-E701-4F57-8081-03CC0593DDE4}
		{3CADF547-5954-4762-8C75-7307209F0918} = {7A29ADF0-E44D-444B-BF92-9AB356609818}
		{1BE54F9E-A904-4B5D-913A-1F54D1650EC1} = {7A29ADF0-E44D-444B-BF92-9AB356609818}
		{D8446593-C47E-4EFC-A5D0-163F407AE4FC} = {7A29ADF0-E44D-444B-BF92-9AB356609818}
		{F38C6C8A-8213-45B9-8BC8-130338134310} = {2D5EE196-52F9-4E19-8FD8-CF4FCD92CD1B}
		{EB00B3FE-BAB3-4B5B-9598-E246B1B13D0E} = {F75EF551-E701-4F57-8081-03CC0593DDE4}
		{7B72BDD3-C551-4863-BAFD-7FBBEE4ECE52} = {80694B43-1657-4EFF-A697-A41F5FE6A281}
		{FEEA6D5E-72CE-4604-9F81-D18E3A7F5AE7} = {80694B43-1657-4EFF-A697-A41F5FE6A281}
		{3E78954F-06ED-436B-B664-3558C497565F} = {80694B43-1657-4EFF-A697-A41F5FE6A281}
		{630579F7-F44F-4F08-8122-C89BBD2E62B2} = {ADDF01AE-6F28-497C-9C92-EA88E152F65C}
		{5A9BCBAE-DC53-42DC-8B65-22B82474DE37} = {ADDF01AE-6F28-497C-9C92-EA88E152F65C}
		{1F791E01-803A-4F29-AE99-1F3A21307FE5} = {ADDF01AE-6F28-497C-9C92-EA88E152F65C}
		{B6E955EA-6A3E-4046-9A3A-38062910BAF4} = {EFFC5DEF-DE41-4CA7-BB07-549962F5A97B}
		{CC3599E9-0CCE-4B57-AFE0-BDD437EBA419} = {EFFC5DEF-DE41-4CA7-BB07-549962F5A97B}
		{E098FA32-D56B-4A9B-A687-259120794275} = {EFFC5DEF-DE41-4CA7-BB07-549962F5A97B}
	EndGlobalSection
	GlobalSection(ExtensibilityGlobals) = postSolution
		SolutionGuid = {445C5594-E01F-4CCB-A364-EDAA6E5C2B15}
	EndGlobalSection
	GlobalSection(SharedMSBuildProjectFiles) = preSolution
		ModArcBasic.Shared\ModArcBasic.Shared.projitems*{0178284c-e0a2-4940-a388-aa38616464b7}*SharedItemsImports = 5
		ModArcInfluxDb.Shared\ModArcInfluxDb.Shared.projitems*{1be54f9e-a904-4b5d-913a-1f54d1650ec1}*SharedItemsImports = 5
		ModDbExport.Shared\ModDbExport.Shared.projitems*{1f791e01-803a-4f29-ae99-1f3a21307fe5}*SharedItemsImports = 5
		ModArcInfluxDb.Shared\ModArcInfluxDb.Shared.projitems*{3cadf547-5954-4762-8c75-7307209f0918}*SharedItemsImports = 5
		ModActiveDirectory.Shared\ModActiveDirectory.Shared.projitems*{3e78954f-06ed-436b-b664-3558c497565f}*SharedItemsImports = 13
		ModArcPostgreSql.Shared\ModArcPostgreSql.Shared.projitems*{521fa33e-475b-4146-ae34-bc21451c87cd}*SharedItemsImports = 5
		ModDbExport.Shared\ModDbExport.Shared.projitems*{5a9bcbae-dc53-42dc-8b65-22b82474de37}*SharedItemsImports = 13
		ModDbExport.Shared\ModDbExport.Shared.projitems*{630579f7-f44f-4f08-8122-c89bbd2e62b2}*SharedItemsImports = 5
		ModArcPostgreSql.Shared\ModArcPostgreSql.Shared.projitems*{7507228f-fa68-4b0c-b19f-4fdaef8c610f}*SharedItemsImports = 5
		ModActiveDirectory.Shared\ModActiveDirectory.Shared.projitems*{7b72bdd3-c551-4863-bafd-7fbbee4ece52}*SharedItemsImports = 5
		ModDiffCalculator.Shared\ModDiffCalculator.Shared.projitems*{b6e955ea-6a3e-4046-9a3a-38062910baf4}*SharedItemsImports = 13
		ModDiffCalculator.Shared\ModDiffCalculator.Shared.projitems*{cc3599e9-0cce-4b57-afe0-bdd437eba419}*SharedItemsImports = 5
		ModArcInfluxDb.Shared\ModArcInfluxDb.Shared.projitems*{d8446593-c47e-4efc-a5d0-163f407ae4fc}*SharedItemsImports = 13
		ModDiffCalculator.Shared\ModDiffCalculator.Shared.projitems*{e098fa32-d56b-4a9b-a687-259120794275}*SharedItemsImports = 5
		ModArcPostgreSql.Shared\ModArcPostgreSql.Shared.projitems*{eb00b3fe-bab3-4b5b-9598-e246b1b13d0e}*SharedItemsImports = 13
		ModArcBasic.Shared\ModArcBasic.Shared.projitems*{f38c6c8a-8213-45b9-8bc8-130338134310}*SharedItemsImports = 13
		ModArcBasic.Shared\ModArcBasic.Shared.projitems*{fa95ff45-2423-429a-95cb-1dc43b941103}*SharedItemsImports = 5
		ModActiveDirectory.Shared\ModActiveDirectory.Shared.projitems*{feea6d5e-72ce-4604-9f81-d18e3a7f5ae7}*SharedItemsImports = 5
	EndGlobalSection
EndGlobal
