
Microsoft Visual Studio Solution File, Format Version 12.00
# Visual Studio 15
VisualStudioVersion = 15.0.28307.1000
MinimumVisualStudioVersion = 10.0.40219.1
Project("{FAE04EC0-301F-11D3-BF4B-00C04F79EFBC}") = "Log", "Log\Log.csproj", "{7C18E9CF-3C62-45B9-9FE8-17EFA113C5A4}"
EndProject
Global
	GlobalSection(SolutionConfigurationPlatforms) = preSolution
		Debug|Any CPU = Debug|Any CPU
		Release|Any CPU = Release|Any CPU
	EndGlobalSection
	GlobalSection(ProjectConfigurationPlatforms) = postSolution
		{7C18E9CF-3C62-45B9-9FE8-17EFA113C5A4}.Debug|Any CPU.ActiveCfg = Debug|Any CPU
		{7C18E9CF-3C62-45B9-9FE8-17EFA113C5A4}.Debug|Any CPU.Build.0 = Debug|Any CPU
		{7C18E9CF-3C62-45B9-9FE8-17EFA113C5A4}.Release|Any CPU.ActiveCfg = Release|Any CPU
		{7C18E9CF-3C62-45B9-9FE8-17EFA113C5A4}.Release|Any CPU.Build.0 = Release|Any CPU
	EndGlobalSection
	GlobalSection(SolutionProperties) = preSolution
		HideSolutionNode = FALSE
	EndGlobalSection
	GlobalSection(ExtensibilityGlobals) = postSolution
		SolutionGuid = {A7FF8006-E9C6-49ED-8FB0-E96C2C1EFF8D}
	EndGlobalSection
EndGlobal
