
Microsoft Visual Studio Solution File, Format Version 12.00
# Visual Studio Version 17
VisualStudioVersion = 17.1.32407.343
MinimumVisualStudioVersion = 10.0.40219.1
Project("{9A19103F-16F7-4668-BE54-9A1E7A4F7556}") = "AddressBook", "AddressBook\AddressBook.csproj", "{0C6AAB8D-784A-4E43-AEF7-91A1E89FFA0B}"
EndProject
Project("{2150E333-8FDC-42A3-9474-1A3956D46DE8}") = "AddressBookProjects", "AddressBookProjects", "{E9F74C43-BFD8-4A0F-8640-F2A152B95927}"
EndProject
Project("{2150E333-8FDC-42A3-9474-1A3956D46DE8}") = "DrvHttpNotif", "DrvHttpNotif", "{586C53FB-2938-4587-8234-6FDB1BA3F8E1}"
EndProject
Project("{D954291E-2A0B-460D-934E-DC6B0785DB48}") = "DrvHttpNotif.Shared", "DrvHttpNotif.Shared\DrvHttpNotif.Shared.shproj", "{B9F18976-DCB3-4895-BE6E-3EBA9129A370}"
EndProject
Project("{9A19103F-16F7-4668-BE54-9A1E7A4F7556}") = "DrvHttpNotif.Logic", "DrvHttpNotif.Logic\DrvHttpNotif.Logic.csproj", "{111A85FB-E7B0-417C-8857-7D0B88A5F050}"
EndProject
Project("{9A19103F-16F7-4668-BE54-9A1E7A4F7556}") = "DrvHttpNotif.View", "DrvHttpNotif.View\DrvHttpNotif.View.csproj", "{F14824B7-4208-4314-A543-184E1573E1C9}"
EndProject
Project("{2150E333-8FDC-42A3-9474-1A3956D46DE8}") = "Solution Items", "Solution Items", "{DD702476-90C3-446F-91BF-2E0D142FACC5}"
	ProjectSection(SolutionItems) = preProject
		.editorconfig = .editorconfig
	EndProjectSection
EndProject
Project("{9A19103F-16F7-4668-BE54-9A1E7A4F7556}") = "AddressBook.Forms", "AddressBook.Forms\AddressBook.Forms.csproj", "{817AA00B-34E4-4A97-B03E-3C08C81775E7}"
EndProject
Project("{2150E333-8FDC-42A3-9474-1A3956D46DE8}") = "DrvEmail", "DrvEmail", "{861EC90F-9C8C-4CAA-B706-61FEB8993D7F}"
EndProject
Project("{D954291E-2A0B-460D-934E-DC6B0785DB48}") = "DrvEmail.Shared", "DrvEmail.Shared\DrvEmail.Shared.shproj", "{A28F2459-D7F3-4F5B-A53E-216CABE2310F}"
EndProject
Project("{9A19103F-16F7-4668-BE54-9A1E7A4F7556}") = "DrvEmail.Logic", "DrvEmail.Logic\DrvEmail.Logic.csproj", "{546559C2-4CF8-41AF-BBAE-0BE46F1289F6}"
EndProject
Project("{9A19103F-16F7-4668-BE54-9A1E7A4F7556}") = "DrvEmail.View", "DrvEmail.View\DrvEmail.View.csproj", "{6593C194-5EDF-459F-9CBA-321A870B9677}"
EndProject
Project("{2150E333-8FDC-42A3-9474-1A3956D46DE8}") = "DrvSnmp", "DrvSnmp", "{D8B82F6B-B39A-472C-BAD1-1DA2BB1FEB47}"
EndProject
Project("{9A19103F-16F7-4668-BE54-9A1E7A4F7556}") = "DrvSnmp.View", "DrvSnmp.View\DrvSnmp.View.csproj", "{5C9089A5-4FEB-4FEE-B96A-3FEDE615C898}"
EndProject
Project("{9A19103F-16F7-4668-BE54-9A1E7A4F7556}") = "DrvSnmp.Logic", "DrvSnmp.Logic\DrvSnmp.Logic.csproj", "{29F3F057-0B4F-4938-B775-6BCEF0645C90}"
EndProject
Project("{D954291E-2A0B-460D-934E-DC6B0785DB48}") = "DrvSnmp.Shared", "DrvSnmp.Shared\DrvSnmp.Shared.shproj", "{C7419BB6-0C51-49A0-95D1-40938C203187}"
EndProject
Project("{2150E333-8FDC-42A3-9474-1A3956D46DE8}") = "DrvSms", "DrvSms", "{7602BCE7-6013-427D-8850-C2B988C474CB}"
EndProject
Project("{9A19103F-16F7-4668-BE54-9A1E7A4F7556}") = "DrvSms.Logic", "DrvSms.Logic\DrvSms.Logic.csproj", "{2D052A7C-3B0C-468F-B52C-1B8AEAA174D2}"
EndProject
Project("{9A19103F-16F7-4668-BE54-9A1E7A4F7556}") = "DrvSms.View", "DrvSms.View\DrvSms.View.csproj", "{C3C10372-279B-412D-BDDA-FFD6BB205674}"
EndProject
Project("{D954291E-2A0B-460D-934E-DC6B0785DB48}") = "DrvSms.Shared", "DrvSms.Shared\DrvSms.Shared.shproj", "{3C5B9DB4-E1E0-4F37-8F3D-68B86699838E}"
EndProject
Project("{9A19103F-16F7-4668-BE54-9A1E7A4F7556}") = "DrvSms.Tests", "DrvSms.Tests\DrvSms.Tests.csproj", "{CD09400A-97CF-4024-9520-CCEB87CAA877}"
EndProject
Project("{2150E333-8FDC-42A3-9474-1A3956D46DE8}") = "DrvCsvReader", "DrvCsvReader", "{C364D1FF-62DD-4F20-93E9-EE0121ED3B9C}"
EndProject
Project("{FAE04EC0-301F-11D3-BF4B-00C04F79EFBC}") = "DrvCsvReader.Logic", "DrvCsvReader.Logic\DrvCsvReader.Logic.csproj", "{5976FDBE-B0FA-4FFF-B381-62165EB92B84}"
EndProject
Project("{FAE04EC0-301F-11D3-BF4B-00C04F79EFBC}") = "DrvCsvReader.View", "DrvCsvReader.View\DrvCsvReader.View.csproj", "{3935CB8C-946E-429B-A772-D8E4BD9673B9}"
EndProject
Project("{D954291E-2A0B-460D-934E-DC6B0785DB48}") = "DrvCsvReader.Shared", "DrvCsvReader.Shared\DrvCsvReader.Shared.shproj", "{1AFBC156-92EE-4118-84D6-AE163D0E654E}"
EndProject
Global
	GlobalSection(SolutionConfigurationPlatforms) = preSolution
		Debug|Any CPU = Debug|Any CPU
		Release|Any CPU = Release|Any CPU
	EndGlobalSection
	GlobalSection(ProjectConfigurationPlatforms) = postSolution
		{0C6AAB8D-784A-4E43-AEF7-91A1E89FFA0B}.Debug|Any CPU.ActiveCfg = Debug|Any CPU
		{0C6AAB8D-784A-4E43-AEF7-91A1E89FFA0B}.Debug|Any CPU.Build.0 = Debug|Any CPU
		{0C6AAB8D-784A-4E43-AEF7-91A1E89FFA0B}.Release|Any CPU.ActiveCfg = Release|Any CPU
		{0C6AAB8D-784A-4E43-AEF7-91A1E89FFA0B}.Release|Any CPU.Build.0 = Release|Any CPU
		{111A85FB-E7B0-417C-8857-7D0B88A5F050}.Debug|Any CPU.ActiveCfg = Debug|Any CPU
		{111A85FB-E7B0-417C-8857-7D0B88A5F050}.Debug|Any CPU.Build.0 = Debug|Any CPU
		{111A85FB-E7B0-417C-8857-7D0B88A5F050}.Release|Any CPU.ActiveCfg = Release|Any CPU
		{111A85FB-E7B0-417C-8857-7D0B88A5F050}.Release|Any CPU.Build.0 = Release|Any CPU
		{F14824B7-4208-4314-A543-184E1573E1C9}.Debug|Any CPU.ActiveCfg = Debug|Any CPU
		{F14824B7-4208-4314-A543-184E1573E1C9}.Debug|Any CPU.Build.0 = Debug|Any CPU
		{F14824B7-4208-4314-A543-184E1573E1C9}.Release|Any CPU.ActiveCfg = Release|Any CPU
		{F14824B7-4208-4314-A543-184E1573E1C9}.Release|Any CPU.Build.0 = Release|Any CPU
		{817AA00B-34E4-4A97-B03E-3C08C81775E7}.Debug|Any CPU.ActiveCfg = Debug|Any CPU
		{817AA00B-34E4-4A97-B03E-3C08C81775E7}.Debug|Any CPU.Build.0 = Debug|Any CPU
		{817AA00B-34E4-4A97-B03E-3C08C81775E7}.Release|Any CPU.ActiveCfg = Release|Any CPU
		{817AA00B-34E4-4A97-B03E-3C08C81775E7}.Release|Any CPU.Build.0 = Release|Any CPU
		{546559C2-4CF8-41AF-BBAE-0BE46F1289F6}.Debug|Any CPU.ActiveCfg = Debug|Any CPU
		{546559C2-4CF8-41AF-BBAE-0BE46F1289F6}.Debug|Any CPU.Build.0 = Debug|Any CPU
		{546559C2-4CF8-41AF-BBAE-0BE46F1289F6}.Release|Any CPU.ActiveCfg = Release|Any CPU
		{546559C2-4CF8-41AF-BBAE-0BE46F1289F6}.Release|Any CPU.Build.0 = Release|Any CPU
		{6593C194-5EDF-459F-9CBA-321A870B9677}.Debug|Any CPU.ActiveCfg = Debug|Any CPU
		{6593C194-5EDF-459F-9CBA-321A870B9677}.Debug|Any CPU.Build.0 = Debug|Any CPU
		{6593C194-5EDF-459F-9CBA-321A870B9677}.Release|Any CPU.ActiveCfg = Release|Any CPU
		{6593C194-5EDF-459F-9CBA-321A870B9677}.Release|Any CPU.Build.0 = Release|Any CPU
		{5C9089A5-4FEB-4FEE-B96A-3FEDE615C898}.Debug|Any CPU.ActiveCfg = Debug|Any CPU
		{5C9089A5-4FEB-4FEE-B96A-3FEDE615C898}.Debug|Any CPU.Build.0 = Debug|Any CPU
		{5C9089A5-4FEB-4FEE-B96A-3FEDE615C898}.Release|Any CPU.ActiveCfg = Release|Any CPU
		{5C9089A5-4FEB-4FEE-B96A-3FEDE615C898}.Release|Any CPU.Build.0 = Release|Any CPU
		{29F3F057-0B4F-4938-B775-6BCEF0645C90}.Debug|Any CPU.ActiveCfg = Debug|Any CPU
		{29F3F057-0B4F-4938-B775-6BCEF0645C90}.Debug|Any CPU.Build.0 = Debug|Any CPU
		{29F3F057-0B4F-4938-B775-6BCEF0645C90}.Release|Any CPU.ActiveCfg = Release|Any CPU
		{29F3F057-0B4F-4938-B775-6BCEF0645C90}.Release|Any CPU.Build.0 = Release|Any CPU
		{2D052A7C-3B0C-468F-B52C-1B8AEAA174D2}.Debug|Any CPU.ActiveCfg = Debug|Any CPU
		{2D052A7C-3B0C-468F-B52C-1B8AEAA174D2}.Debug|Any CPU.Build.0 = Debug|Any CPU
		{2D052A7C-3B0C-468F-B52C-1B8AEAA174D2}.Release|Any CPU.ActiveCfg = Release|Any CPU
		{2D052A7C-3B0C-468F-B52C-1B8AEAA174D2}.Release|Any CPU.Build.0 = Release|Any CPU
		{C3C10372-279B-412D-BDDA-FFD6BB205674}.Debug|Any CPU.ActiveCfg = Debug|Any CPU
		{C3C10372-279B-412D-BDDA-FFD6BB205674}.Debug|Any CPU.Build.0 = Debug|Any CPU
		{C3C10372-279B-412D-BDDA-FFD6BB205674}.Release|Any CPU.ActiveCfg = Release|Any CPU
		{C3C10372-279B-412D-BDDA-FFD6BB205674}.Release|Any CPU.Build.0 = Release|Any CPU
		{CD09400A-97CF-4024-9520-CCEB87CAA877}.Debug|Any CPU.ActiveCfg = Debug|Any CPU
		{CD09400A-97CF-4024-9520-CCEB87CAA877}.Debug|Any CPU.Build.0 = Debug|Any CPU
		{CD09400A-97CF-4024-9520-CCEB87CAA877}.Release|Any CPU.ActiveCfg = Release|Any CPU
		{CD09400A-97CF-4024-9520-CCEB87CAA877}.Release|Any CPU.Build.0 = Release|Any CPU
		{5976FDBE-B0FA-4FFF-B381-62165EB92B84}.Debug|Any CPU.ActiveCfg = Debug|Any CPU
		{5976FDBE-B0FA-4FFF-B381-62165EB92B84}.Debug|Any CPU.Build.0 = Debug|Any CPU
		{5976FDBE-B0FA-4FFF-B381-62165EB92B84}.Release|Any CPU.ActiveCfg = Release|Any CPU
		{5976FDBE-B0FA-4FFF-B381-62165EB92B84}.Release|Any CPU.Build.0 = Release|Any CPU
		{3935CB8C-946E-429B-A772-D8E4BD9673B9}.Debug|Any CPU.ActiveCfg = Debug|Any CPU
		{3935CB8C-946E-429B-A772-D8E4BD9673B9}.Debug|Any CPU.Build.0 = Debug|Any CPU
		{3935CB8C-946E-429B-A772-D8E4BD9673B9}.Release|Any CPU.ActiveCfg = Release|Any CPU
		{3935CB8C-946E-429B-A772-D8E4BD9673B9}.Release|Any CPU.Build.0 = Release|Any CPU
	EndGlobalSection
	GlobalSection(SolutionProperties) = preSolution
		HideSolutionNode = FALSE
	EndGlobalSection
	GlobalSection(NestedProjects) = preSolution
		{0C6AAB8D-784A-4E43-AEF7-91A1E89FFA0B} = {E9F74C43-BFD8-4A0F-8640-F2A152B95927}
		{B9F18976-DCB3-4895-BE6E-3EBA9129A370} = {586C53FB-2938-4587-8234-6FDB1BA3F8E1}
		{111A85FB-E7B0-417C-8857-7D0B88A5F050} = {586C53FB-2938-4587-8234-6FDB1BA3F8E1}
		{F14824B7-4208-4314-A543-184E1573E1C9} = {586C53FB-2938-4587-8234-6FDB1BA3F8E1}
		{817AA00B-34E4-4A97-B03E-3C08C81775E7} = {E9F74C43-BFD8-4A0F-8640-F2A152B95927}
		{A28F2459-D7F3-4F5B-A53E-216CABE2310F} = {861EC90F-9C8C-4CAA-B706-61FEB8993D7F}
		{546559C2-4CF8-41AF-BBAE-0BE46F1289F6} = {861EC90F-9C8C-4CAA-B706-61FEB8993D7F}
		{6593C194-5EDF-459F-9CBA-321A870B9677} = {861EC90F-9C8C-4CAA-B706-61FEB8993D7F}
		{5C9089A5-4FEB-4FEE-B96A-3FEDE615C898} = {D8B82F6B-B39A-472C-BAD1-1DA2BB1FEB47}
		{29F3F057-0B4F-4938-B775-6BCEF0645C90} = {D8B82F6B-B39A-472C-BAD1-1DA2BB1FEB47}
		{C7419BB6-0C51-49A0-95D1-40938C203187} = {D8B82F6B-B39A-472C-BAD1-1DA2BB1FEB47}
		{2D052A7C-3B0C-468F-B52C-1B8AEAA174D2} = {7602BCE7-6013-427D-8850-C2B988C474CB}
		{C3C10372-279B-412D-BDDA-FFD6BB205674} = {7602BCE7-6013-427D-8850-C2B988C474CB}
		{3C5B9DB4-E1E0-4F37-8F3D-68B86699838E} = {7602BCE7-6013-427D-8850-C2B988C474CB}
		{CD09400A-97CF-4024-9520-CCEB87CAA877} = {7602BCE7-6013-427D-8850-C2B988C474CB}
		{5976FDBE-B0FA-4FFF-B381-62165EB92B84} = {C364D1FF-62DD-4F20-93E9-EE0121ED3B9C}
		{3935CB8C-946E-429B-A772-D8E4BD9673B9} = {C364D1FF-62DD-4F20-93E9-EE0121ED3B9C}
		{1AFBC156-92EE-4118-84D6-AE163D0E654E} = {C364D1FF-62DD-4F20-93E9-EE0121ED3B9C}
	EndGlobalSection
	GlobalSection(ExtensibilityGlobals) = postSolution
		SolutionGuid = {621E3959-3A13-41B5-A559-AA02854D93A0}
	EndGlobalSection
	GlobalSection(SharedMSBuildProjectFiles) = preSolution
		DrvHttpNotif.Shared\DrvHttpNotif.Shared.projitems*{111a85fb-e7b0-417c-8857-7d0b88a5f050}*SharedItemsImports = 5
		DrvCsvReader.Shared\DrvCsvReader.Shared.projitems*{1afbc156-92ee-4118-84d6-ae163d0e654e}*SharedItemsImports = 13
		DrvSnmp.Shared\DrvSnmp.Shared.projitems*{29f3f057-0b4f-4938-b775-6bcef0645c90}*SharedItemsImports = 5
		DrvSms.Shared\DrvSms.Shared.projitems*{2d052a7c-3b0c-468f-b52c-1b8aeaa174d2}*SharedItemsImports = 5
		DrvCsvReader.Shared\DrvCsvReader.Shared.projitems*{3935cb8c-946e-429b-a772-d8e4bd9673b9}*SharedItemsImports = 5
		DrvSms.Shared\DrvSms.Shared.projitems*{3c5b9db4-e1e0-4f37-8f3d-68b86699838e}*SharedItemsImports = 13
		DrvEmail.Shared\DrvEmail.Shared.projitems*{546559c2-4cf8-41af-bbae-0be46f1289f6}*SharedItemsImports = 5
		DrvCsvReader.Shared\DrvCsvReader.Shared.projitems*{5976fdbe-b0fa-4fff-b381-62165eb92b84}*SharedItemsImports = 5
		DrvSnmp.Shared\DrvSnmp.Shared.projitems*{5c9089a5-4feb-4fee-b96a-3fede615c898}*SharedItemsImports = 5
		DrvEmail.Shared\DrvEmail.Shared.projitems*{6593c194-5edf-459f-9cba-321a870b9677}*SharedItemsImports = 5
		DrvEmail.Shared\DrvEmail.Shared.projitems*{a28f2459-d7f3-4f5b-a53e-216cabe2310f}*SharedItemsImports = 13
		DrvHttpNotif.Shared\DrvHttpNotif.Shared.projitems*{b9f18976-dcb3-4895-be6e-3eba9129a370}*SharedItemsImports = 13
		DrvSms.Shared\DrvSms.Shared.projitems*{c3c10372-279b-412d-bdda-ffd6bb205674}*SharedItemsImports = 5
		DrvSnmp.Shared\DrvSnmp.Shared.projitems*{c7419bb6-0c51-49a0-95d1-40938c203187}*SharedItemsImports = 13
		DrvHttpNotif.Shared\DrvHttpNotif.Shared.projitems*{f14824b7-4208-4314-a543-184e1573e1c9}*SharedItemsImports = 5
	EndGlobalSection
EndGlobal
