
Microsoft Visual Studio Solution File, Format Version 12.00
# Visual Studio Version 17
VisualStudioVersion = 17.1.32407.343
MinimumVisualStudioVersion = 10.0.40219.1
Project("{9A19103F-16F7-4668-BE54-9A1E7A4F7556}") = "AddressBook", "AddressBook\AddressBook.csproj", "{0C6AAB8D-784A-4E43-AEF7-91A1E89FFA0B}"
EndProject
Project("{2150E333-8FDC-42A3-9474-1A3956D46DE8}") = "AddressBookProjects", "AddressBookProjects", "{E9F74C43-BFD8-4A0F-8640-F2A152B95927}"
EndProject
Project("{2150E333-8FDC-42A3-9474-1A3956D46DE8}") = "DrvHttpNotif", "DrvHttpNotif", "{586C53FB-2938-4587-8234-6FDB1BA3F8E1}"
EndProject
Project("{D954291E-2A0B-460D-934E-DC6B0785DB48}") = "DrvHttpNotif.Shared", "DrvHttpNotif.Shared\DrvHttpNotif.Shared.shproj", "{B9F18976-DCB3-4895-BE6E-3EBA9129A370}"
EndProject
Project("{9A19103F-16F7-4668-BE54-9A1E7A4F7556}") = "DrvHttpNotif.Logic", "DrvHttpNotif.Logic\DrvHttpNotif.Logic.csproj", "{111A85FB-E7B0-417C-8857-7D0B88A5F050}"
EndProject
Project("{9A19103F-16F7-4668-BE54-9A1E7A4F7556}") = "DrvHttpNotif.View", "DrvHttpNotif.View\DrvHttpNotif.View.csproj", "{F14824B7-4208-4314-A543-184E1573E1C9}"
EndProject
Project("{2150E333-8FDC-42A3-9474-1A3956D46DE8}") = "Solution Items", "Solution Items", "{DD702476-90C3-446F-91BF-2E0D142FACC5}"
	ProjectSection(SolutionItems) = preProject
		.editorconfig = .editorconfig
	EndProjectSection
EndProject
Project("{9A19103F-16F7-4668-BE54-9A1E7A4F7556}") = "AddressBook.Forms", "AddressBook.Forms\AddressBook.Forms.csproj", "{817AA00B-34E4-4A97-B03E-3C08C81775E7}"
EndProject
Project("{2150E333-8FDC-42A3-9474-1A3956D46DE8}") = "DrvEmail", "DrvEmail", "{861EC90F-9C8C-4CAA-B706-61FEB8993D7F}"
EndProject
Project("{D954291E-2A0B-460D-934E-DC6B0785DB48}") = "DrvEmail.Shared", "DrvEmail.Shared\DrvEmail.Shared.shproj", "{A28F2459-D7F3-4F5B-A53E-216CABE2310F}"
EndProject
Project("{FAE04EC0-301F-11D3-BF4B-00C04F79EFBC}") = "DrvEmail.Logic", "DrvEmail.Logic\DrvEmail.Logic.csproj", "{546559C2-4CF8-41AF-BBAE-0BE46F1289F6}"
EndProject
Project("{FAE04EC0-301F-11D3-BF4B-00C04F79EFBC}") = "DrvEmail.View", "DrvEmail.View\DrvEmail.View.csproj", "{6593C194-5EDF-459F-9CBA-321A870B9677}"
EndProject
Global
	GlobalSection(SharedMSBuildProjectFiles) = preSolution
		DrvHttpNotif.Shared\DrvHttpNotif.Shared.projitems*{111a85fb-e7b0-417c-8857-7d0b88a5f050}*SharedItemsImports = 5
		DrvEmail.Shared\DrvEmail.Shared.projitems*{546559c2-4cf8-41af-bbae-0be46f1289f6}*SharedItemsImports = 5
		DrvEmail.Shared\DrvEmail.Shared.projitems*{6593c194-5edf-459f-9cba-321a870b9677}*SharedItemsImports = 5
		DrvEmail.Shared\DrvEmail.Shared.projitems*{a28f2459-d7f3-4f5b-a53e-216cabe2310f}*SharedItemsImports = 13
		DrvHttpNotif.Shared\DrvHttpNotif.Shared.projitems*{b9f18976-dcb3-4895-be6e-3eba9129a370}*SharedItemsImports = 13
		DrvHttpNotif.Shared\DrvHttpNotif.Shared.projitems*{f14824b7-4208-4314-a543-184e1573e1c9}*SharedItemsImports = 5
	EndGlobalSection
	GlobalSection(SolutionConfigurationPlatforms) = preSolution
		Debug|Any CPU = Debug|Any CPU
		Release|Any CPU = Release|Any CPU
	EndGlobalSection
	GlobalSection(ProjectConfigurationPlatforms) = postSolution
		{0C6AAB8D-784A-4E43-AEF7-91A1E89FFA0B}.Debug|Any CPU.ActiveCfg = Debug|Any CPU
		{0C6AAB8D-784A-4E43-AEF7-91A1E89FFA0B}.Debug|Any CPU.Build.0 = Debug|Any CPU
		{0C6AAB8D-784A-4E43-AEF7-91A1E89FFA0B}.Release|Any CPU.ActiveCfg = Release|Any CPU
		{0C6AAB8D-784A-4E43-AEF7-91A1E89FFA0B}.Release|Any CPU.Build.0 = Release|Any CPU
		{111A85FB-E7B0-417C-8857-7D0B88A5F050}.Debug|Any CPU.ActiveCfg = Debug|Any CPU
		{111A85FB-E7B0-417C-8857-7D0B88A5F050}.Debug|Any CPU.Build.0 = Debug|Any CPU
		{111A85FB-E7B0-417C-8857-7D0B88A5F050}.Release|Any CPU.ActiveCfg = Release|Any CPU
		{111A85FB-E7B0-417C-8857-7D0B88A5F050}.Release|Any CPU.Build.0 = Release|Any CPU
		{F14824B7-4208-4314-A543-184E1573E1C9}.Debug|Any CPU.ActiveCfg = Debug|Any CPU
		{F14824B7-4208-4314-A543-184E1573E1C9}.Debug|Any CPU.Build.0 = Debug|Any CPU
		{F14824B7-4208-4314-A543-184E1573E1C9}.Release|Any CPU.ActiveCfg = Release|Any CPU
		{F14824B7-4208-4314-A543-184E1573E1C9}.Release|Any CPU.Build.0 = Release|Any CPU
		{817AA00B-34E4-4A97-B03E-3C08C81775E7}.Debug|Any CPU.ActiveCfg = Debug|Any CPU
		{817AA00B-34E4-4A97-B03E-3C08C81775E7}.Debug|Any CPU.Build.0 = Debug|Any CPU
		{817AA00B-34E4-4A97-B03E-3C08C81775E7}.Release|Any CPU.ActiveCfg = Release|Any CPU
		{817AA00B-34E4-4A97-B03E-3C08C81775E7}.Release|Any CPU.Build.0 = Release|Any CPU
		{546559C2-4CF8-41AF-BBAE-0BE46F1289F6}.Debug|Any CPU.ActiveCfg = Debug|Any CPU
		{546559C2-4CF8-41AF-BBAE-0BE46F1289F6}.Debug|Any CPU.Build.0 = Debug|Any CPU
		{546559C2-4CF8-41AF-BBAE-0BE46F1289F6}.Release|Any CPU.ActiveCfg = Release|Any CPU
		{546559C2-4CF8-41AF-BBAE-0BE46F1289F6}.Release|Any CPU.Build.0 = Release|Any CPU
		{6593C194-5EDF-459F-9CBA-321A870B9677}.Debug|Any CPU.ActiveCfg = Debug|Any CPU
		{6593C194-5EDF-459F-9CBA-321A870B9677}.Debug|Any CPU.Build.0 = Debug|Any CPU
		{6593C194-5EDF-459F-9CBA-321A870B9677}.Release|Any CPU.ActiveCfg = Release|Any CPU
		{6593C194-5EDF-459F-9CBA-321A870B9677}.Release|Any CPU.Build.0 = Release|Any CPU
	EndGlobalSection
	GlobalSection(SolutionProperties) = preSolution
		HideSolutionNode = FALSE
	EndGlobalSection
	GlobalSection(NestedProjects) = preSolution
		{0C6AAB8D-784A-4E43-AEF7-91A1E89FFA0B} = {E9F74C43-BFD8-4A0F-8640-F2A152B95927}
		{B9F18976-DCB3-4895-BE6E-3EBA9129A370} = {586C53FB-2938-4587-8234-6FDB1BA3F8E1}
		{111A85FB-E7B0-417C-8857-7D0B88A5F050} = {586C53FB-2938-4587-8234-6FDB1BA3F8E1}
		{F14824B7-4208-4314-A543-184E1573E1C9} = {586C53FB-2938-4587-8234-6FDB1BA3F8E1}
		{817AA00B-34E4-4A97-B03E-3C08C81775E7} = {E9F74C43-BFD8-4A0F-8640-F2A152B95927}
		{A28F2459-D7F3-4F5B-A53E-216CABE2310F} = {861EC90F-9C8C-4CAA-B706-61FEB8993D7F}
		{546559C2-4CF8-41AF-BBAE-0BE46F1289F6} = {861EC90F-9C8C-4CAA-B706-61FEB8993D7F}
		{6593C194-5EDF-459F-9CBA-321A870B9677} = {861EC90F-9C8C-4CAA-B706-61FEB8993D7F}
	EndGlobalSection
	GlobalSection(ExtensibilityGlobals) = postSolution
		SolutionGuid = {621E3959-3A13-41B5-A559-AA02854D93A0}
	EndGlobalSection
EndGlobal
