
Microsoft Visual Studio Solution File, Format Version 12.00
# Visual Studio Version 17
VisualStudioVersion = 17.1.32407.343
MinimumVisualStudioVersion = 10.0.40219.1
Project("{FAE04EC0-301F-11D3-BF4B-00C04F79EFBC}") = "AddressBook", "AddressBook\AddressBook.csproj", "{0C6AAB8D-784A-4E43-AEF7-91A1E89FFA0B}"
EndProject
Project("{2150E333-8FDC-42A3-9474-1A3956D46DE8}") = "AddressBookProjects", "AddressBookProjects", "{E9F74C43-BFD8-4A0F-8640-F2A152B95927}"
EndProject
Global
	GlobalSection(SolutionConfigurationPlatforms) = preSolution
		Debug|Any CPU = Debug|Any CPU
		Release|Any CPU = Release|Any CPU
	EndGlobalSection
	GlobalSection(ProjectConfigurationPlatforms) = postSolution
		{0C6AAB8D-784A-4E43-AEF7-91A1E89FFA0B}.Debug|Any CPU.ActiveCfg = Debug|Any CPU
		{0C6AAB8D-784A-4E43-AEF7-91A1E89FFA0B}.Debug|Any CPU.Build.0 = Debug|Any CPU
		{0C6AAB8D-784A-4E43-AEF7-91A1E89FFA0B}.Release|Any CPU.ActiveCfg = Release|Any CPU
		{0C6AAB8D-784A-4E43-AEF7-91A1E89FFA0B}.Release|Any CPU.Build.0 = Release|Any CPU
	EndGlobalSection
	GlobalSection(SolutionProperties) = preSolution
		HideSolutionNode = FALSE
	EndGlobalSection
	GlobalSection(NestedProjects) = preSolution
		{0C6AAB8D-784A-4E43-AEF7-91A1E89FFA0B} = {E9F74C43-BFD8-4A0F-8640-F2A152B95927}
	EndGlobalSection
	GlobalSection(ExtensibilityGlobals) = postSolution
		SolutionGuid = {621E3959-3A13-41B5-A559-AA02854D93A0}
	EndGlobalSection
EndGlobal
