
Microsoft Visual Studio Solution File, Format Version 12.00
# Visual Studio Version 16
VisualStudioVersion = 16.0.31321.278
MinimumVisualStudioVersion = 10.0.40219.1
Project("{2150E333-8FDC-42A3-9474-1A3956D46DE8}") = "PlgMain", "PlgMain", "{00E81568-B4A8-4226-B454-2FDBA389CDC8}"
EndProject
Project("{9A19103F-16F7-4668-BE54-9A1E7A4F7556}") = "PlgMain", "PlgMain\PlgMain.csproj", "{7AAF23C9-3872-4854-B508-BE959CB365C0}"
EndProject
Project("{FAE04EC0-301F-11D3-BF4B-00C04F79EFBC}") = "PlgMain.Common", "PlgMain.Common\PlgMain.Common.csproj", "{613F2B4A-4A63-49EB-91A3-3FD0AE389B8B}"
EndProject
Global
	GlobalSection(SolutionConfigurationPlatforms) = preSolution
		Debug|Any CPU = Debug|Any CPU
		Release|Any CPU = Release|Any CPU
	EndGlobalSection
	GlobalSection(ProjectConfigurationPlatforms) = postSolution
		{7AAF23C9-3872-4854-B508-BE959CB365C0}.Debug|Any CPU.ActiveCfg = Debug|Any CPU
		{7AAF23C9-3872-4854-B508-BE959CB365C0}.Debug|Any CPU.Build.0 = Debug|Any CPU
		{7AAF23C9-3872-4854-B508-BE959CB365C0}.Release|Any CPU.ActiveCfg = Release|Any CPU
		{7AAF23C9-3872-4854-B508-BE959CB365C0}.Release|Any CPU.Build.0 = Release|Any CPU
		{613F2B4A-4A63-49EB-91A3-3FD0AE389B8B}.Debug|Any CPU.ActiveCfg = Debug|Any CPU
		{613F2B4A-4A63-49EB-91A3-3FD0AE389B8B}.Debug|Any CPU.Build.0 = Debug|Any CPU
		{613F2B4A-4A63-49EB-91A3-3FD0AE389B8B}.Release|Any CPU.ActiveCfg = Release|Any CPU
		{613F2B4A-4A63-49EB-91A3-3FD0AE389B8B}.Release|Any CPU.Build.0 = Release|Any CPU
	EndGlobalSection
	GlobalSection(SolutionProperties) = preSolution
		HideSolutionNode = FALSE
	EndGlobalSection
	GlobalSection(NestedProjects) = preSolution
		{7AAF23C9-3872-4854-B508-BE959CB365C0} = {00E81568-B4A8-4226-B454-2FDBA389CDC8}
		{613F2B4A-4A63-49EB-91A3-3FD0AE389B8B} = {00E81568-B4A8-4226-B454-2FDBA389CDC8}
	EndGlobalSection
	GlobalSection(ExtensibilityGlobals) = postSolution
		SolutionGuid = {19C6959B-66D1-4335-AA8A-0E2F23894099}
	EndGlobalSection
EndGlobal
