
Microsoft Visual Studio Solution File, Format Version 12.00
# Visual Studio Version 17
VisualStudioVersion = 17.0.31912.275
MinimumVisualStudioVersion = 10.0.40219.1
Project("{2150E333-8FDC-42A3-9474-1A3956D46DE8}") = "PlgMain", "PlgMain", "{00E81568-B4A8-4226-B454-2FDBA389CDC8}"
EndProject
Project("{9A19103F-16F7-4668-BE54-9A1E7A4F7556}") = "PlgMain", "PlgMain\PlgMain.csproj", "{7AAF23C9-3872-4854-B508-BE959CB365C0}"
EndProject
Project("{9A19103F-16F7-4668-BE54-9A1E7A4F7556}") = "PlgMain.Common", "PlgMain.Common\PlgMain.Common.csproj", "{613F2B4A-4A63-49EB-91A3-3FD0AE389B8B}"
EndProject
Project("{2150E333-8FDC-42A3-9474-1A3956D46DE8}") = "PlgChart", "PlgChart", "{DABBA5AD-314E-4424-AA5B-C57D60C4E581}"
EndProject
Project("{9A19103F-16F7-4668-BE54-9A1E7A4F7556}") = "PlgChart", "PlgChart\PlgChart.csproj", "{2FC1E95A-822F-47A9-8DCB-B3D5EE5011BB}"
EndProject
Project("{9A19103F-16F7-4668-BE54-9A1E7A4F7556}") = "PlgChart.Common", "PlgChart.Common\PlgChart.Common.csproj", "{74078489-FD8B-437D-AA19-C26CDA6A5099}"
EndProject
Project("{2150E333-8FDC-42A3-9474-1A3956D46DE8}") = "PlgScheme", "PlgScheme", "{1C746D2E-749E-408B-A180-63AD78EFFAFC}"
EndProject
Project("{9A19103F-16F7-4668-BE54-9A1E7A4F7556}") = "PlgScheme.Common", "PlgScheme.Common\PlgScheme.Common.csproj", "{731F7D35-42AB-4648-9900-6F2C2B95EC9A}"
EndProject
Project("{9A19103F-16F7-4668-BE54-9A1E7A4F7556}") = "PlgScheme", "PlgScheme\PlgScheme.csproj", "{276855A0-2D48-4DD9-AF63-A5B38EC88DD6}"
EndProject
Project("{9A19103F-16F7-4668-BE54-9A1E7A4F7556}") = "PlgSchBasicComp", "PlgSchBasicComp\PlgSchBasicComp.csproj", "{FD3DEB6D-C6D7-4654-BB5C-B8BC0C97B4AC}"
EndProject
Project("{9A19103F-16F7-4668-BE54-9A1E7A4F7556}") = "PlgWebPage", "PlgWebPage\PlgWebPage.csproj", "{C85CD47D-4492-4229-8D28-8579B063365A}"
EndProject
Project("{9A19103F-16F7-4668-BE54-9A1E7A4F7556}") = "PlgMain.Report", "PlgMain.Report\PlgMain.Report.csproj", "{5CA7615F-2ECE-4A9C-B78E-CCB0FD21B76D}"
EndProject
Project("{9A19103F-16F7-4668-BE54-9A1E7A4F7556}") = "PlgMain.View", "PlgMain.View\PlgMain.View.csproj", "{BC82E795-5707-4EDE-B4E8-20A2995E3AA7}"
EndProject
Project("{9A19103F-16F7-4668-BE54-9A1E7A4F7556}") = "PlgChart.View", "PlgChart.View\PlgChart.View.csproj", "{CA94CB14-312C-43A9-9B4C-3100A730AC5C}"
EndProject
Project("{9A19103F-16F7-4668-BE54-9A1E7A4F7556}") = "PlgScheme.View", "PlgScheme.View\PlgScheme.View.csproj", "{95AE4F73-AC1A-43AF-9101-DA97109E8CD3}"
EndProject
Project("{2150E333-8FDC-42A3-9474-1A3956D46DE8}") = "PlgWebPage", "PlgWebPage", "{71F74BFA-D912-41E6-9982-9CAC6C61B324}"
EndProject
Project("{9A19103F-16F7-4668-BE54-9A1E7A4F7556}") = "PlgWebPage.View", "PlgWebPage.View\PlgWebPage.View.csproj", "{AC8CA944-D55F-4AEA-92ED-34379AAE0445}"
EndProject
Project("{9A19103F-16F7-4668-BE54-9A1E7A4F7556}") = "PlgSchBasicComp.View", "PlgSchBasicComp.View\PlgSchBasicComp.View.csproj", "{DECEF963-2048-4C8D-ADF1-5F8C90D9B4A8}"
EndProject
Project("{FAE04EC0-301F-11D3-BF4B-00C04F79EFBC}") = "PlgSchShapeComp", "PlgSchShapeComp\PlgSchShapeComp.csproj", "{5122E199-DEA9-4601-99EF-DB4A37490AD8}"
EndProject
Project("{2150E333-8FDC-42A3-9474-1A3956D46DE8}") = "PlgSchShapeComp", "PlgSchShapeComp", "{F2AD555E-EB3B-4DA4-961B-4D3AF7009BD5}"
EndProject
Project("{FAE04EC0-301F-11D3-BF4B-00C04F79EFBC}") = "PlgSchShapeComp.View", "PlgSchShapeComp.View\PlgSchShapeComp.View.csproj", "{EBAEF1B0-6C13-4B84-A0D9-2ED82929D10A}"
EndProject
Global
	GlobalSection(SolutionConfigurationPlatforms) = preSolution
		Debug|Any CPU = Debug|Any CPU
		Release|Any CPU = Release|Any CPU
	EndGlobalSection
	GlobalSection(ProjectConfigurationPlatforms) = postSolution
		{7AAF23C9-3872-4854-B508-BE959CB365C0}.Debug|Any CPU.ActiveCfg = Debug|Any CPU
		{7AAF23C9-3872-4854-B508-BE959CB365C0}.Debug|Any CPU.Build.0 = Debug|Any CPU
		{7AAF23C9-3872-4854-B508-BE959CB365C0}.Release|Any CPU.ActiveCfg = Release|Any CPU
		{7AAF23C9-3872-4854-B508-BE959CB365C0}.Release|Any CPU.Build.0 = Release|Any CPU
		{613F2B4A-4A63-49EB-91A3-3FD0AE389B8B}.Debug|Any CPU.ActiveCfg = Debug|Any CPU
		{613F2B4A-4A63-49EB-91A3-3FD0AE389B8B}.Debug|Any CPU.Build.0 = Debug|Any CPU
		{613F2B4A-4A63-49EB-91A3-3FD0AE389B8B}.Release|Any CPU.ActiveCfg = Release|Any CPU
		{613F2B4A-4A63-49EB-91A3-3FD0AE389B8B}.Release|Any CPU.Build.0 = Release|Any CPU
		{2FC1E95A-822F-47A9-8DCB-B3D5EE5011BB}.Debug|Any CPU.ActiveCfg = Debug|Any CPU
		{2FC1E95A-822F-47A9-8DCB-B3D5EE5011BB}.Debug|Any CPU.Build.0 = Debug|Any CPU
		{2FC1E95A-822F-47A9-8DCB-B3D5EE5011BB}.Release|Any CPU.ActiveCfg = Release|Any CPU
		{2FC1E95A-822F-47A9-8DCB-B3D5EE5011BB}.Release|Any CPU.Build.0 = Release|Any CPU
		{74078489-FD8B-437D-AA19-C26CDA6A5099}.Debug|Any CPU.ActiveCfg = Debug|Any CPU
		{74078489-FD8B-437D-AA19-C26CDA6A5099}.Debug|Any CPU.Build.0 = Debug|Any CPU
		{74078489-FD8B-437D-AA19-C26CDA6A5099}.Release|Any CPU.ActiveCfg = Release|Any CPU
		{74078489-FD8B-437D-AA19-C26CDA6A5099}.Release|Any CPU.Build.0 = Release|Any CPU
		{731F7D35-42AB-4648-9900-6F2C2B95EC9A}.Debug|Any CPU.ActiveCfg = Debug|Any CPU
		{731F7D35-42AB-4648-9900-6F2C2B95EC9A}.Debug|Any CPU.Build.0 = Debug|Any CPU
		{731F7D35-42AB-4648-9900-6F2C2B95EC9A}.Release|Any CPU.ActiveCfg = Release|Any CPU
		{731F7D35-42AB-4648-9900-6F2C2B95EC9A}.Release|Any CPU.Build.0 = Release|Any CPU
		{276855A0-2D48-4DD9-AF63-A5B38EC88DD6}.Debug|Any CPU.ActiveCfg = Debug|Any CPU
		{276855A0-2D48-4DD9-AF63-A5B38EC88DD6}.Debug|Any CPU.Build.0 = Debug|Any CPU
		{276855A0-2D48-4DD9-AF63-A5B38EC88DD6}.Release|Any CPU.ActiveCfg = Release|Any CPU
		{276855A0-2D48-4DD9-AF63-A5B38EC88DD6}.Release|Any CPU.Build.0 = Release|Any CPU
		{FD3DEB6D-C6D7-4654-BB5C-B8BC0C97B4AC}.Debug|Any CPU.ActiveCfg = Debug|Any CPU
		{FD3DEB6D-C6D7-4654-BB5C-B8BC0C97B4AC}.Debug|Any CPU.Build.0 = Debug|Any CPU
		{FD3DEB6D-C6D7-4654-BB5C-B8BC0C97B4AC}.Release|Any CPU.ActiveCfg = Release|Any CPU
		{FD3DEB6D-C6D7-4654-BB5C-B8BC0C97B4AC}.Release|Any CPU.Build.0 = Release|Any CPU
		{C85CD47D-4492-4229-8D28-8579B063365A}.Debug|Any CPU.ActiveCfg = Debug|Any CPU
		{C85CD47D-4492-4229-8D28-8579B063365A}.Debug|Any CPU.Build.0 = Debug|Any CPU
		{C85CD47D-4492-4229-8D28-8579B063365A}.Release|Any CPU.ActiveCfg = Release|Any CPU
		{C85CD47D-4492-4229-8D28-8579B063365A}.Release|Any CPU.Build.0 = Release|Any CPU
		{5CA7615F-2ECE-4A9C-B78E-CCB0FD21B76D}.Debug|Any CPU.ActiveCfg = Debug|Any CPU
		{5CA7615F-2ECE-4A9C-B78E-CCB0FD21B76D}.Debug|Any CPU.Build.0 = Debug|Any CPU
		{5CA7615F-2ECE-4A9C-B78E-CCB0FD21B76D}.Release|Any CPU.ActiveCfg = Release|Any CPU
		{5CA7615F-2ECE-4A9C-B78E-CCB0FD21B76D}.Release|Any CPU.Build.0 = Release|Any CPU
		{BC82E795-5707-4EDE-B4E8-20A2995E3AA7}.Debug|Any CPU.ActiveCfg = Debug|Any CPU
		{BC82E795-5707-4EDE-B4E8-20A2995E3AA7}.Debug|Any CPU.Build.0 = Debug|Any CPU
		{BC82E795-5707-4EDE-B4E8-20A2995E3AA7}.Release|Any CPU.ActiveCfg = Release|Any CPU
		{BC82E795-5707-4EDE-B4E8-20A2995E3AA7}.Release|Any CPU.Build.0 = Release|Any CPU
		{CA94CB14-312C-43A9-9B4C-3100A730AC5C}.Debug|Any CPU.ActiveCfg = Debug|Any CPU
		{CA94CB14-312C-43A9-9B4C-3100A730AC5C}.Debug|Any CPU.Build.0 = Debug|Any CPU
		{CA94CB14-312C-43A9-9B4C-3100A730AC5C}.Release|Any CPU.ActiveCfg = Release|Any CPU
		{CA94CB14-312C-43A9-9B4C-3100A730AC5C}.Release|Any CPU.Build.0 = Release|Any CPU
		{95AE4F73-AC1A-43AF-9101-DA97109E8CD3}.Debug|Any CPU.ActiveCfg = Debug|Any CPU
		{95AE4F73-AC1A-43AF-9101-DA97109E8CD3}.Debug|Any CPU.Build.0 = Debug|Any CPU
		{95AE4F73-AC1A-43AF-9101-DA97109E8CD3}.Release|Any CPU.ActiveCfg = Release|Any CPU
		{95AE4F73-AC1A-43AF-9101-DA97109E8CD3}.Release|Any CPU.Build.0 = Release|Any CPU
		{AC8CA944-D55F-4AEA-92ED-34379AAE0445}.Debug|Any CPU.ActiveCfg = Debug|Any CPU
		{AC8CA944-D55F-4AEA-92ED-34379AAE0445}.Debug|Any CPU.Build.0 = Debug|Any CPU
		{AC8CA944-D55F-4AEA-92ED-34379AAE0445}.Release|Any CPU.ActiveCfg = Release|Any CPU
		{AC8CA944-D55F-4AEA-92ED-34379AAE0445}.Release|Any CPU.Build.0 = Release|Any CPU
		{DECEF963-2048-4C8D-ADF1-5F8C90D9B4A8}.Debug|Any CPU.ActiveCfg = Debug|Any CPU
		{DECEF963-2048-4C8D-ADF1-5F8C90D9B4A8}.Debug|Any CPU.Build.0 = Debug|Any CPU
		{DECEF963-2048-4C8D-ADF1-5F8C90D9B4A8}.Release|Any CPU.ActiveCfg = Release|Any CPU
		{DECEF963-2048-4C8D-ADF1-5F8C90D9B4A8}.Release|Any CPU.Build.0 = Release|Any CPU
		{5122E199-DEA9-4601-99EF-DB4A37490AD8}.Debug|Any CPU.ActiveCfg = Debug|Any CPU
		{5122E199-DEA9-4601-99EF-DB4A37490AD8}.Debug|Any CPU.Build.0 = Debug|Any CPU
		{5122E199-DEA9-4601-99EF-DB4A37490AD8}.Release|Any CPU.ActiveCfg = Release|Any CPU
		{5122E199-DEA9-4601-99EF-DB4A37490AD8}.Release|Any CPU.Build.0 = Release|Any CPU
		{EBAEF1B0-6C13-4B84-A0D9-2ED82929D10A}.Debug|Any CPU.ActiveCfg = Debug|Any CPU
		{EBAEF1B0-6C13-4B84-A0D9-2ED82929D10A}.Debug|Any CPU.Build.0 = Debug|Any CPU
		{EBAEF1B0-6C13-4B84-A0D9-2ED82929D10A}.Release|Any CPU.ActiveCfg = Release|Any CPU
		{EBAEF1B0-6C13-4B84-A0D9-2ED82929D10A}.Release|Any CPU.Build.0 = Release|Any CPU
	EndGlobalSection
	GlobalSection(SolutionProperties) = preSolution
		HideSolutionNode = FALSE
	EndGlobalSection
	GlobalSection(NestedProjects) = preSolution
		{7AAF23C9-3872-4854-B508-BE959CB365C0} = {00E81568-B4A8-4226-B454-2FDBA389CDC8}
		{613F2B4A-4A63-49EB-91A3-3FD0AE389B8B} = {00E81568-B4A8-4226-B454-2FDBA389CDC8}
		{2FC1E95A-822F-47A9-8DCB-B3D5EE5011BB} = {DABBA5AD-314E-4424-AA5B-C57D60C4E581}
		{74078489-FD8B-437D-AA19-C26CDA6A5099} = {DABBA5AD-314E-4424-AA5B-C57D60C4E581}
		{731F7D35-42AB-4648-9900-6F2C2B95EC9A} = {1C746D2E-749E-408B-A180-63AD78EFFAFC}
		{276855A0-2D48-4DD9-AF63-A5B38EC88DD6} = {1C746D2E-749E-408B-A180-63AD78EFFAFC}
		{FD3DEB6D-C6D7-4654-BB5C-B8BC0C97B4AC} = {1C746D2E-749E-408B-A180-63AD78EFFAFC}
		{C85CD47D-4492-4229-8D28-8579B063365A} = {71F74BFA-D912-41E6-9982-9CAC6C61B324}
		{5CA7615F-2ECE-4A9C-B78E-CCB0FD21B76D} = {00E81568-B4A8-4226-B454-2FDBA389CDC8}
		{BC82E795-5707-4EDE-B4E8-20A2995E3AA7} = {00E81568-B4A8-4226-B454-2FDBA389CDC8}
		{CA94CB14-312C-43A9-9B4C-3100A730AC5C} = {DABBA5AD-314E-4424-AA5B-C57D60C4E581}
		{95AE4F73-AC1A-43AF-9101-DA97109E8CD3} = {1C746D2E-749E-408B-A180-63AD78EFFAFC}
		{AC8CA944-D55F-4AEA-92ED-34379AAE0445} = {71F74BFA-D912-41E6-9982-9CAC6C61B324}
		{DECEF963-2048-4C8D-ADF1-5F8C90D9B4A8} = {1C746D2E-749E-408B-A180-63AD78EFFAFC}
		{5122E199-DEA9-4601-99EF-DB4A37490AD8} = {F2AD555E-EB3B-4DA4-961B-4D3AF7009BD5}
		{EBAEF1B0-6C13-4B84-A0D9-2ED82929D10A} = {F2AD555E-EB3B-4DA4-961B-4D3AF7009BD5}
	EndGlobalSection
	GlobalSection(ExtensibilityGlobals) = postSolution
		SolutionGuid = {19C6959B-66D1-4335-AA8A-0E2F23894099}
	EndGlobalSection
EndGlobal
