
Microsoft Visual Studio Solution File, Format Version 12.00
# Visual Studio Version 16
VisualStudioVersion = 16.0.32930.78
MinimumVisualStudioVersion = 10.0.40219.1
Project("{FAE04EC0-301F-11D3-BF4B-00C04F79EFBC}") = "PlgSchVolExtentionsComp", "PlgSchVolExtentionsComp\PlgSchVolExtentionsComp.csproj", "{6A473C18-8F7D-4216-9990-B9AD03F55786}"
EndProject
Global
	GlobalSection(SolutionConfigurationPlatforms) = preSolution
		Debug|Any CPU = Debug|Any CPU
		Release|Any CPU = Release|Any CPU
	EndGlobalSection
	GlobalSection(ProjectConfigurationPlatforms) = postSolution
		{6A473C18-8F7D-4216-9990-B9AD03F55786}.Debug|Any CPU.ActiveCfg = Debug|Any CPU
		{6A473C18-8F7D-4216-9990-B9AD03F55786}.Debug|Any CPU.Build.0 = Debug|Any CPU
		{6A473C18-8F7D-4216-9990-B9AD03F55786}.Release|Any CPU.ActiveCfg = Release|Any CPU
		{6A473C18-8F7D-4216-9990-B9AD03F55786}.Release|Any CPU.Build.0 = Release|Any CPU
	EndGlobalSection
	GlobalSection(SolutionProperties) = preSolution
		HideSolutionNode = FALSE
	EndGlobalSection
	GlobalSection(ExtensibilityGlobals) = postSolution
		SolutionGuid = {7F63AC3F-314A-4D0A-9E5B-D665DB23616D}
	EndGlobalSection
EndGlobal
