
Microsoft Visual Studio Solution File, Format Version 12.00
# Visual Studio Version 17
VisualStudioVersion = 17.0.31903.59
MinimumVisualStudioVersion = 10.0.40219.1
Project("{9A19103F-16F7-4668-BE54-9A1E7A4F7556}") = "ExtServerConfig", "ExtServerConfig\ExtServerConfig.csproj", "{6D49F5C4-2039-4309-A1ED-A3214E7A8613}"
EndProject
Project("{2150E333-8FDC-42A3-9474-1A3956D46DE8}") = "Solution Items", "Solution Items", "{3CC33F3D-4966-4622-B4F0-1F1DFCED59E5}"
	ProjectSection(SolutionItems) = preProject
		.editorconfig = .editorconfig
	EndProjectSection
EndProject
Project("{9A19103F-16F7-4668-BE54-9A1E7A4F7556}") = "ExtDepPostgreSql", "ExtDepPostgreSql\ExtDepPostgreSql.csproj", "{7E6A706D-A318-4C1D-8A6A-5EF8B099B522}"
EndProject
Project("{9A19103F-16F7-4668-BE54-9A1E7A4F7556}") = "ExtCommConfig", "ExtCommConfig\ExtCommConfig.csproj", "{99813C21-620D-48A1-BEA6-E6F2E362421A}"
EndProject
Project("{9A19103F-16F7-4668-BE54-9A1E7A4F7556}") = "ExtProjectTools", "ExtProjectTools\ExtProjectTools.csproj", "{558824BF-EDFF-438F-859D-5730257AA93B}"
EndProject
Project("{9A19103F-16F7-4668-BE54-9A1E7A4F7556}") = "ExtDepAgent", "ExtDepAgent\ExtDepAgent.csproj", "{BFDA2019-8A0D-4580-8597-16783FD71429}"
EndProject
Project("{9A19103F-16F7-4668-BE54-9A1E7A4F7556}") = "ExtTableEditor", "ExtTableEditor\ExtTableEditor.csproj", "{B549EDCE-494E-40FE-B127-5B7501922D8D}"
EndProject
Project("{9A19103F-16F7-4668-BE54-9A1E7A4F7556}") = "ExtWebConfig", "ExtWebConfig\ExtWebConfig.csproj", "{A90C3DC7-93DA-4B08-B850-F9E87ED9470F}"
EndProject
Project("{9A19103F-16F7-4668-BE54-9A1E7A4F7556}") = "ExtWirenBoard", "ExtWirenBoard\ExtWirenBoard.csproj", "{B0168F59-79F5-4211-911A-1F035155327C}"
EndProject
Project("{9A19103F-16F7-4668-BE54-9A1E7A4F7556}") = "ExtImport", "ExtImport\ExtImport.csproj", "{B7E2DF6A-742E-49D2-BBF5-C20302EE8A6A}"
EndProject
Project("{9A19103F-16F7-4668-BE54-9A1E7A4F7556}") = "ExtSubFolder", "ExtSubFolder\ExtSubFolder.csproj", "{5381C77E-A673-4D56-9EDF-F59953235E1B}"
EndProject
Project("{FAE04EC0-301F-11D3-BF4B-00C04F79EFBC}") = "ExtBitReader", "ExtBitReader\ExtBitReader.csproj", "{20F208C2-2DA8-4E53-B925-D28490C9A6E0}"
EndProject
Global
	GlobalSection(SolutionConfigurationPlatforms) = preSolution
		Debug|Any CPU = Debug|Any CPU
		Release|Any CPU = Release|Any CPU
	EndGlobalSection
	GlobalSection(ProjectConfigurationPlatforms) = postSolution
		{6D49F5C4-2039-4309-A1ED-A3214E7A8613}.Debug|Any CPU.ActiveCfg = Debug|Any CPU
		{6D49F5C4-2039-4309-A1ED-A3214E7A8613}.Debug|Any CPU.Build.0 = Debug|Any CPU
		{6D49F5C4-2039-4309-A1ED-A3214E7A8613}.Release|Any CPU.ActiveCfg = Release|Any CPU
		{6D49F5C4-2039-4309-A1ED-A3214E7A8613}.Release|Any CPU.Build.0 = Release|Any CPU
		{7E6A706D-A318-4C1D-8A6A-5EF8B099B522}.Debug|Any CPU.ActiveCfg = Debug|Any CPU
		{7E6A706D-A318-4C1D-8A6A-5EF8B099B522}.Debug|Any CPU.Build.0 = Debug|Any CPU
		{7E6A706D-A318-4C1D-8A6A-5EF8B099B522}.Release|Any CPU.ActiveCfg = Release|Any CPU
		{7E6A706D-A318-4C1D-8A6A-5EF8B099B522}.Release|Any CPU.Build.0 = Release|Any CPU
		{99813C21-620D-48A1-BEA6-E6F2E362421A}.Debug|Any CPU.ActiveCfg = Debug|Any CPU
		{99813C21-620D-48A1-BEA6-E6F2E362421A}.Debug|Any CPU.Build.0 = Debug|Any CPU
		{99813C21-620D-48A1-BEA6-E6F2E362421A}.Release|Any CPU.ActiveCfg = Release|Any CPU
		{99813C21-620D-48A1-BEA6-E6F2E362421A}.Release|Any CPU.Build.0 = Release|Any CPU
		{558824BF-EDFF-438F-859D-5730257AA93B}.Debug|Any CPU.ActiveCfg = Debug|Any CPU
		{558824BF-EDFF-438F-859D-5730257AA93B}.Debug|Any CPU.Build.0 = Debug|Any CPU
		{558824BF-EDFF-438F-859D-5730257AA93B}.Release|Any CPU.ActiveCfg = Release|Any CPU
		{558824BF-EDFF-438F-859D-5730257AA93B}.Release|Any CPU.Build.0 = Release|Any CPU
		{BFDA2019-8A0D-4580-8597-16783FD71429}.Debug|Any CPU.ActiveCfg = Debug|Any CPU
		{BFDA2019-8A0D-4580-8597-16783FD71429}.Debug|Any CPU.Build.0 = Debug|Any CPU
		{BFDA2019-8A0D-4580-8597-16783FD71429}.Release|Any CPU.ActiveCfg = Release|Any CPU
		{BFDA2019-8A0D-4580-8597-16783FD71429}.Release|Any CPU.Build.0 = Release|Any CPU
		{B549EDCE-494E-40FE-B127-5B7501922D8D}.Debug|Any CPU.ActiveCfg = Debug|Any CPU
		{B549EDCE-494E-40FE-B127-5B7501922D8D}.Debug|Any CPU.Build.0 = Debug|Any CPU
		{B549EDCE-494E-40FE-B127-5B7501922D8D}.Release|Any CPU.ActiveCfg = Release|Any CPU
		{B549EDCE-494E-40FE-B127-5B7501922D8D}.Release|Any CPU.Build.0 = Release|Any CPU
		{A90C3DC7-93DA-4B08-B850-F9E87ED9470F}.Debug|Any CPU.ActiveCfg = Debug|Any CPU
		{A90C3DC7-93DA-4B08-B850-F9E87ED9470F}.Debug|Any CPU.Build.0 = Debug|Any CPU
		{A90C3DC7-93DA-4B08-B850-F9E87ED9470F}.Release|Any CPU.ActiveCfg = Release|Any CPU
		{A90C3DC7-93DA-4B08-B850-F9E87ED9470F}.Release|Any CPU.Build.0 = Release|Any CPU
		{B0168F59-79F5-4211-911A-1F035155327C}.Debug|Any CPU.ActiveCfg = Debug|Any CPU
		{B0168F59-79F5-4211-911A-1F035155327C}.Debug|Any CPU.Build.0 = Debug|Any CPU
		{B0168F59-79F5-4211-911A-1F035155327C}.Release|Any CPU.ActiveCfg = Release|Any CPU
		{B0168F59-79F5-4211-911A-1F035155327C}.Release|Any CPU.Build.0 = Release|Any CPU
		{B7E2DF6A-742E-49D2-BBF5-C20302EE8A6A}.Debug|Any CPU.ActiveCfg = Debug|Any CPU
		{B7E2DF6A-742E-49D2-BBF5-C20302EE8A6A}.Debug|Any CPU.Build.0 = Debug|Any CPU
		{B7E2DF6A-742E-49D2-BBF5-C20302EE8A6A}.Release|Any CPU.ActiveCfg = Release|Any CPU
		{B7E2DF6A-742E-49D2-BBF5-C20302EE8A6A}.Release|Any CPU.Build.0 = Release|Any CPU
		{5381C77E-A673-4D56-9EDF-F59953235E1B}.Debug|Any CPU.ActiveCfg = Debug|Any CPU
		{5381C77E-A673-4D56-9EDF-F59953235E1B}.Debug|Any CPU.Build.0 = Debug|Any CPU
		{5381C77E-A673-4D56-9EDF-F59953235E1B}.Release|Any CPU.ActiveCfg = Release|Any CPU
		{5381C77E-A673-4D56-9EDF-F59953235E1B}.Release|Any CPU.Build.0 = Release|Any CPU
		{20F208C2-2DA8-4E53-B925-D28490C9A6E0}.Debug|Any CPU.ActiveCfg = Debug|Any CPU
		{20F208C2-2DA8-4E53-B925-D28490C9A6E0}.Debug|Any CPU.Build.0 = Debug|Any CPU
		{20F208C2-2DA8-4E53-B925-D28490C9A6E0}.Release|Any CPU.ActiveCfg = Release|Any CPU
		{20F208C2-2DA8-4E53-B925-D28490C9A6E0}.Release|Any CPU.Build.0 = Release|Any CPU
	EndGlobalSection
	GlobalSection(SolutionProperties) = preSolution
		HideSolutionNode = FALSE
	EndGlobalSection
	GlobalSection(ExtensibilityGlobals) = postSolution
		SolutionGuid = {E2AC0185-2576-4182-8A24-7006A22D89C6}
	EndGlobalSection
EndGlobal
