
Microsoft Visual Studio Solution File, Format Version 12.00
# Visual Studio Version 17
VisualStudioVersion = 17.3.32929.385
MinimumVisualStudioVersion = 10.0.40219.1
Project("{9A19103F-16F7-4668-BE54-9A1E7A4F7556}") = "ScadaCommon", "ScadaCommon\ScadaCommon.csproj", "{11087010-4102-4B28-8D96-B069A2EC5CD0}"
EndProject
Project("{9A19103F-16F7-4668-BE54-9A1E7A4F7556}") = "ScadaCommon.Log", "ScadaCommon.Log\ScadaCommon.Log.csproj", "{26F54CAB-5CA2-4A5D-B4A2-1E2545B576CE}"
EndProject
Project("{9A19103F-16F7-4668-BE54-9A1E7A4F7556}") = "ScadaCommon.Forms", "ScadaCommon.Forms\ScadaCommon.Forms.csproj", "{4A2D96A7-474E-4835-A556-58F08A6626C8}"
EndProject
Project("{2150E333-8FDC-42A3-9474-1A3956D46DE8}") = "Storages", "Storages", "{6978AB09-0E18-48DC-BC9B-7E8140E897DC}"
EndProject
Project("{9A19103F-16F7-4668-BE54-9A1E7A4F7556}") = "FileStorage", "FileStorage\FileStorage.csproj", "{B26D0012-EC84-4FB9-9CEE-6A7B4AD5C58A}"
EndProject
Project("{9A19103F-16F7-4668-BE54-9A1E7A4F7556}") = "PostgreSqlStorage", "PostgreSqlStorage\PostgreSqlStorage.csproj", "{A17F4CFF-901E-44A1-A1C6-62902B41FD9E}"
EndProject
Project("{9A19103F-16F7-4668-BE54-9A1E7A4F7556}") = "ScadaCommon.MultiDb", "ScadaCommon.MultiDb\ScadaCommon.MultiDb.csproj", "{2DE6AEA5-CCAE-4139-8B8E-3D6546ACB4EC}"
EndProject
Project("{2150E333-8FDC-42A3-9474-1A3956D46DE8}") = "Solution Items", "Solution Items", "{C30B5B4B-980E-4A95-BA64-D3ED3E201CCB}"
	ProjectSection(SolutionItems) = preProject
		.editorconfig = .editorconfig
	EndProjectSection
EndProject
Global
	GlobalSection(SolutionConfigurationPlatforms) = preSolution
		Debug|Any CPU = Debug|Any CPU
		Release|Any CPU = Release|Any CPU
	EndGlobalSection
	GlobalSection(ProjectConfigurationPlatforms) = postSolution
		{11087010-4102-4B28-8D96-B069A2EC5CD0}.Debug|Any CPU.ActiveCfg = Debug|Any CPU
		{11087010-4102-4B28-8D96-B069A2EC5CD0}.Debug|Any CPU.Build.0 = Debug|Any CPU
		{11087010-4102-4B28-8D96-B069A2EC5CD0}.Release|Any CPU.ActiveCfg = Release|Any CPU
		{11087010-4102-4B28-8D96-B069A2EC5CD0}.Release|Any CPU.Build.0 = Release|Any CPU
		{26F54CAB-5CA2-4A5D-B4A2-1E2545B576CE}.Debug|Any CPU.ActiveCfg = Debug|Any CPU
		{26F54CAB-5CA2-4A5D-B4A2-1E2545B576CE}.Debug|Any CPU.Build.0 = Debug|Any CPU
		{26F54CAB-5CA2-4A5D-B4A2-1E2545B576CE}.Release|Any CPU.ActiveCfg = Release|Any CPU
		{26F54CAB-5CA2-4A5D-B4A2-1E2545B576CE}.Release|Any CPU.Build.0 = Release|Any CPU
		{4A2D96A7-474E-4835-A556-58F08A6626C8}.Debug|Any CPU.ActiveCfg = Debug|Any CPU
		{4A2D96A7-474E-4835-A556-58F08A6626C8}.Debug|Any CPU.Build.0 = Debug|Any CPU
		{4A2D96A7-474E-4835-A556-58F08A6626C8}.Release|Any CPU.ActiveCfg = Release|Any CPU
		{4A2D96A7-474E-4835-A556-58F08A6626C8}.Release|Any CPU.Build.0 = Release|Any CPU
		{B26D0012-EC84-4FB9-9CEE-6A7B4AD5C58A}.Debug|Any CPU.ActiveCfg = Debug|Any CPU
		{B26D0012-EC84-4FB9-9CEE-6A7B4AD5C58A}.Debug|Any CPU.Build.0 = Debug|Any CPU
		{B26D0012-EC84-4FB9-9CEE-6A7B4AD5C58A}.Release|Any CPU.ActiveCfg = Release|Any CPU
		{B26D0012-EC84-4FB9-9CEE-6A7B4AD5C58A}.Release|Any CPU.Build.0 = Release|Any CPU
		{A17F4CFF-901E-44A1-A1C6-62902B41FD9E}.Debug|Any CPU.ActiveCfg = Debug|Any CPU
		{A17F4CFF-901E-44A1-A1C6-62902B41FD9E}.Debug|Any CPU.Build.0 = Debug|Any CPU
		{A17F4CFF-901E-44A1-A1C6-62902B41FD9E}.Release|Any CPU.ActiveCfg = Release|Any CPU
		{A17F4CFF-901E-44A1-A1C6-62902B41FD9E}.Release|Any CPU.Build.0 = Release|Any CPU
		{2DE6AEA5-CCAE-4139-8B8E-3D6546ACB4EC}.Debug|Any CPU.ActiveCfg = Debug|Any CPU
		{2DE6AEA5-CCAE-4139-8B8E-3D6546ACB4EC}.Debug|Any CPU.Build.0 = Debug|Any CPU
		{2DE6AEA5-CCAE-4139-8B8E-3D6546ACB4EC}.Release|Any CPU.ActiveCfg = Release|Any CPU
		{2DE6AEA5-CCAE-4139-8B8E-3D6546ACB4EC}.Release|Any CPU.Build.0 = Release|Any CPU
	EndGlobalSection
	GlobalSection(SolutionProperties) = preSolution
		HideSolutionNode = FALSE
	EndGlobalSection
	GlobalSection(NestedProjects) = preSolution
		{B26D0012-EC84-4FB9-9CEE-6A7B4AD5C58A} = {6978AB09-0E18-48DC-BC9B-7E8140E897DC}
		{A17F4CFF-901E-44A1-A1C6-62902B41FD9E} = {6978AB09-0E18-48DC-BC9B-7E8140E897DC}
	EndGlobalSection
	GlobalSection(ExtensibilityGlobals) = postSolution
		SolutionGuid = {43E9E452-1233-4B4B-AF6C-A1779047BAAA}
	EndGlobalSection
EndGlobal
