
Microsoft Visual Studio Solution File, Format Version 12.00
# Visual Studio Version 16
VisualStudioVersion = 16.0.30717.126
MinimumVisualStudioVersion = 10.0.40219.1
Project("{2150E333-8FDC-42A3-9474-1A3956D46DE8}") = "DrvSimulator", "DrvSimulator", "{AC204E06-2ED1-4E19-9B95-5237F44B3454}"
EndProject
Project("{FAE04EC0-301F-11D3-BF4B-00C04F79EFBC}") = "DrvSimulator.Logic", "DrvSimulator.Logic\DrvSimulator.Logic.csproj", "{48043839-37E7-40AE-92E2-A31A79204CF5}"
EndProject
Global
	GlobalSection(SolutionConfigurationPlatforms) = preSolution
		Debug|Any CPU = Debug|Any CPU
		Release|Any CPU = Release|Any CPU
	EndGlobalSection
	GlobalSection(ProjectConfigurationPlatforms) = postSolution
		{48043839-37E7-40AE-92E2-A31A79204CF5}.Debug|Any CPU.ActiveCfg = Debug|Any CPU
		{48043839-37E7-40AE-92E2-A31A79204CF5}.Debug|Any CPU.Build.0 = Debug|Any CPU
		{48043839-37E7-40AE-92E2-A31A79204CF5}.Release|Any CPU.ActiveCfg = Release|Any CPU
		{48043839-37E7-40AE-92E2-A31A79204CF5}.Release|Any CPU.Build.0 = Release|Any CPU
	EndGlobalSection
	GlobalSection(SolutionProperties) = preSolution
		HideSolutionNode = FALSE
	EndGlobalSection
	GlobalSection(NestedProjects) = preSolution
		{48043839-37E7-40AE-92E2-A31A79204CF5} = {AC204E06-2ED1-4E19-9B95-5237F44B3454}
	EndGlobalSection
	GlobalSection(ExtensibilityGlobals) = postSolution
		SolutionGuid = {961AA4C1-5D08-4B24-AE6B-99F3AB1A7AEF}
	EndGlobalSection
EndGlobal
