
Microsoft Visual Studio Solution File, Format Version 12.00
# Visual Studio Version 17
VisualStudioVersion = 17.3.32929.385
MinimumVisualStudioVersion = 10.0.40219.1
Project("{FAE04EC0-301F-11D3-BF4B-00C04F79EFBC}") = "ScadaDoc", "ScadaDoc\ScadaDoc.csproj", "{D33C1242-38C8-45E8-A90A-EBA4BC01200A}"
EndProject
Global
	GlobalSection(SolutionConfigurationPlatforms) = preSolution
		Debug|Any CPU = Debug|Any CPU
		Release|Any CPU = Release|Any CPU
	EndGlobalSection
	GlobalSection(ProjectConfigurationPlatforms) = postSolution
		{D33C1242-38C8-45E8-A90A-EBA4BC01200A}.Debug|Any CPU.ActiveCfg = Debug|Any CPU
		{D33C1242-38C8-45E8-A90A-EBA4BC01200A}.Debug|Any CPU.Build.0 = Debug|Any CPU
		{D33C1242-38C8-45E8-A90A-EBA4BC01200A}.Release|Any CPU.ActiveCfg = Release|Any CPU
		{D33C1242-38C8-45E8-A90A-EBA4BC01200A}.Release|Any CPU.Build.0 = Release|Any CPU
	EndGlobalSection
	GlobalSection(SolutionProperties) = preSolution
		HideSolutionNode = FALSE
	EndGlobalSection
	GlobalSection(ExtensibilityGlobals) = postSolution
		SolutionGuid = {D5B171E7-821E-4344-ACEA-555FFBBE3619}
	EndGlobalSection
EndGlobal
