
Microsoft Visual Studio Solution File, Format Version 12.00
# Visual Studio Version 16
VisualStudioVersion = 16.0.31702.278
MinimumVisualStudioVersion = 10.0.40219.1
Project("{FAE04EC0-301F-11D3-BF4B-00C04F79EFBC}") = "ScadaAgentCommon", "ScadaAgentCommon\ScadaAgentCommon.csproj", "{9428823D-39F1-44D7-9748-0A5AF43E9185}"
EndProject
Global
	GlobalSection(SolutionConfigurationPlatforms) = preSolution
		Debug|Any CPU = Debug|Any CPU
		Release|Any CPU = Release|Any CPU
	EndGlobalSection
	GlobalSection(ProjectConfigurationPlatforms) = postSolution
		{9428823D-39F1-44D7-9748-0A5AF43E9185}.Debug|Any CPU.ActiveCfg = Debug|Any CPU
		{9428823D-39F1-44D7-9748-0A5AF43E9185}.Debug|Any CPU.Build.0 = Debug|Any CPU
		{9428823D-39F1-44D7-9748-0A5AF43E9185}.Release|Any CPU.ActiveCfg = Release|Any CPU
		{9428823D-39F1-44D7-9748-0A5AF43E9185}.Release|Any CPU.Build.0 = Release|Any CPU
	EndGlobalSection
	GlobalSection(SolutionProperties) = preSolution
		HideSolutionNode = FALSE
	EndGlobalSection
	GlobalSection(ExtensibilityGlobals) = postSolution
		SolutionGuid = {E1775680-937A-418D-B089-6A855DD32FDF}
	EndGlobalSection
EndGlobal
